// !$*UTF8*$!
{
	archiveVersion = 1;
	classes = {
	};
	objectVersion = 56;
	objects = {

/* Begin PBXBuildFile section */
		6D6AEE4D700853ED3E4241DC /* Pods_RM_Client.framework in Frameworks */ = {isa = PBXBuildFile; fileRef = 570911696F1459959E228AB6 /* Pods_RM_Client.framework */; };
		71B144E606F2509088BC1A89 /* Pods_RM_Client_RM_ClientUITests.framework in Frameworks */ = {isa = PBXBuildFile; fileRef = 6C21BB944CC559832AB420C8 /* Pods_RM_Client_RM_ClientUITests.framework */; };
		8A0FC35F2A9FFCE400F4B558 /* RmLocalStorage.swift in Sources */ = {isa = PBXBuildFile; fileRef = 8A0FC35E2A9FFCE400F4B558 /* RmLocalStorage.swift */; };
		8A0FC3632A9FFEAF00F4B558 /* RmBaseVC.swift in Sources */ = {isa = PBXBuildFile; fileRef = 8A0FC3622A9FFEAF00F4B558 /* RmBaseVC.swift */; };
		8A0FC3672AA004A600F4B558 /* RmThemeUtils.swift in Sources */ = {isa = PBXBuildFile; fileRef = 8A0FC3662AA004A600F4B558 /* RmThemeUtils.swift */; };
		8A1AE2512AA1781D00EED489 /* OnBoardingScreenVC.swift in Sources */ = {isa = PBXBuildFile; fileRef = 8A1AE24F2AA1781D00EED489 /* OnBoardingScreenVC.swift */; };
		8A1AE2522AA1781D00EED489 /* OnBoardingScreenVC.xib in Resources */ = {isa = PBXBuildFile; fileRef = 8A1AE2502AA1781D00EED489 /* OnBoardingScreenVC.xib */; };
		8A1AE2552AA1819900EED489 /* OnBoardingTabViewController.swift in Sources */ = {isa = PBXBuildFile; fileRef = 8A1AE2532AA1819900EED489 /* OnBoardingTabViewController.swift */; };
		8A1AE2562AA1819900EED489 /* OnBoardingTabViewController.xib in Resources */ = {isa = PBXBuildFile; fileRef = 8A1AE2542AA1819900EED489 /* OnBoardingTabViewController.xib */; };
		8A1AE2582AA197F600EED489 /* Utils.swift in Sources */ = {isa = PBXBuildFile; fileRef = 8A1AE2572AA197F600EED489 /* Utils.swift */; };
		8A1AE25C2AA1987100EED489 /* Localizable.strings in Resources */ = {isa = PBXBuildFile; fileRef = 8A1AE25E2AA1987100EED489 /* Localizable.strings */; };
		8A1AE2662AA1F6C700EED489 /* AuthScreenVC.swift in Sources */ = {isa = PBXBuildFile; fileRef = 8A1AE2642AA1F6C700EED489 /* AuthScreenVC.swift */; };
		8A1AE2672AA1F6C700EED489 /* AuthScreenVC.xib in Resources */ = {isa = PBXBuildFile; fileRef = 8A1AE2652AA1F6C700EED489 /* AuthScreenVC.xib */; };
		8A1AE26A2AA24FD300EED489 /* HomeScreenVC.swift in Sources */ = {isa = PBXBuildFile; fileRef = 8A1AE2682AA24FD300EED489 /* HomeScreenVC.swift */; };
		8A1AE26B2AA24FD300EED489 /* HomeScreenVC.xib in Resources */ = {isa = PBXBuildFile; fileRef = 8A1AE2692AA24FD300EED489 /* HomeScreenVC.xib */; };
		8A1AE2712AA2541800EED489 /* HomeScreenContentTabViewController.swift in Sources */ = {isa = PBXBuildFile; fileRef = 8A1AE2702AA2541800EED489 /* HomeScreenContentTabViewController.swift */; };
		8A1AE2752AA256B200EED489 /* HomeTabViewController.swift in Sources */ = {isa = PBXBuildFile; fileRef = 8A1AE2732AA256B200EED489 /* HomeTabViewController.swift */; };
		8A1AE2762AA256B200EED489 /* HomeTabViewController.xib in Resources */ = {isa = PBXBuildFile; fileRef = 8A1AE2742AA256B200EED489 /* HomeTabViewController.xib */; };
		8A1AE2792AA256D500EED489 /* EpisodsTabViewController.swift in Sources */ = {isa = PBXBuildFile; fileRef = 8A1AE2772AA256D500EED489 /* EpisodsTabViewController.swift */; };
		8A1AE27A2AA256D500EED489 /* EpisodsTabViewController.xib in Resources */ = {isa = PBXBuildFile; fileRef = 8A1AE2782AA256D500EED489 /* EpisodsTabViewController.xib */; };
		8A1AE27D2AA256E300EED489 /* LocationsTabViewController.swift in Sources */ = {isa = PBXBuildFile; fileRef = 8A1AE27B2AA256E300EED489 /* LocationsTabViewController.swift */; };
		8A1AE27E2AA256E300EED489 /* LocationsTabViewController.xib in Resources */ = {isa = PBXBuildFile; fileRef = 8A1AE27C2AA256E300EED489 /* LocationsTabViewController.xib */; };
		8A1AE2812AA25DD100EED489 /* RmBaseViewModel.swift in Sources */ = {isa = PBXBuildFile; fileRef = 8A1AE2802AA25DD100EED489 /* RmBaseViewModel.swift */; };
		8A1AE2832AA25EE100EED489 /* RmRequestMethod.swift in Sources */ = {isa = PBXBuildFile; fileRef = 8A1AE2822AA25EE100EED489 /* RmRequestMethod.swift */; };
		8A1AE2852AA25F2300EED489 /* RmRequestUrl.swift in Sources */ = {isa = PBXBuildFile; fileRef = 8A1AE2842AA25F2300EED489 /* RmRequestUrl.swift */; };
		8A1AE2872AA25FC500EED489 /* RmRequestInfo.swift in Sources */ = {isa = PBXBuildFile; fileRef = 8A1AE2862AA25FC500EED489 /* RmRequestInfo.swift */; };
		8A1AE2892AA281BB00EED489 /* RmRequestManager.swift in Sources */ = {isa = PBXBuildFile; fileRef = 8A1AE2882AA281BB00EED489 /* RmRequestManager.swift */; };
		8A1AE28B2AA286F400EED489 /* RmUseCase.swift in Sources */ = {isa = PBXBuildFile; fileRef = 8A1AE28A2AA286F400EED489 /* RmUseCase.swift */; };
		8A1AE28D2AA2875A00EED489 /* RmUseCaseListener.swift in Sources */ = {isa = PBXBuildFile; fileRef = 8A1AE28C2AA2875A00EED489 /* RmUseCaseListener.swift */; };
		8A1AE2902AA289A900EED489 /* RmBaseModel.swift in Sources */ = {isa = PBXBuildFile; fileRef = 8A1AE28F2AA289A900EED489 /* RmBaseModel.swift */; };
		8A1AE2922AA28AE100EED489 /* RmAction.swift in Sources */ = {isa = PBXBuildFile; fileRef = 8A1AE2912AA28AE100EED489 /* RmAction.swift */; };
		8A1AE2942AA28B3200EED489 /* HomeTabViewModel.swift in Sources */ = {isa = PBXBuildFile; fileRef = 8A1AE2932AA28B3200EED489 /* HomeTabViewModel.swift */; };
		8A1AE2972AA28B4900EED489 /* HomeTabAction.swift in Sources */ = {isa = PBXBuildFile; fileRef = 8A1AE2962AA28B4900EED489 /* HomeTabAction.swift */; };
		8A1AE2992AA320EA00EED489 /* RmViewModelState.swift in Sources */ = {isa = PBXBuildFile; fileRef = 8A1AE2982AA320EA00EED489 /* RmViewModelState.swift */; };
		8A1AE29C2AA3256D00EED489 /* HomeScreenItem.swift in Sources */ = {isa = PBXBuildFile; fileRef = 8A1AE29B2AA3256D00EED489 /* HomeScreenItem.swift */; };
		8A1AE29E2AA3270300EED489 /* HomeScreenHeaderItem.swift in Sources */ = {isa = PBXBuildFile; fileRef = 8A1AE29D2AA3270300EED489 /* HomeScreenHeaderItem.swift */; };
		8A1AE2A02AA3279800EED489 /* GetHomeScreenItemsVerticalListUseCase.swift in Sources */ = {isa = PBXBuildFile; fileRef = 8A1AE29F2AA3279800EED489 /* GetHomeScreenItemsVerticalListUseCase.swift */; };
		8A1AE2A22AA3989200EED489 /* RmPermissionsManager.swift in Sources */ = {isa = PBXBuildFile; fileRef = 8A1AE2A12AA3989200EED489 /* RmPermissionsManager.swift */; };
		8A1AE2A42AA3998200EED489 /* HomeScreenNotificationsPermissionItem.swift in Sources */ = {isa = PBXBuildFile; fileRef = 8A1AE2A32AA3998200EED489 /* HomeScreenNotificationsPermissionItem.swift */; };
		8A1AE2AA2AA3EA6200EED489 /* HomeScreenHeaderCollectionViewCell.swift in Sources */ = {isa = PBXBuildFile; fileRef = 8A1AE2A82AA3EA6200EED489 /* HomeScreenHeaderCollectionViewCell.swift */; };
		8A1AE2AB2AA3EA6200EED489 /* HomeScreenHeaderCollectionViewCell.xib in Resources */ = {isa = PBXBuildFile; fileRef = 8A1AE2A92AA3EA6200EED489 /* HomeScreenHeaderCollectionViewCell.xib */; };
		8A38D6342A9FF870003FB5DA /* AppDelegate.swift in Sources */ = {isa = PBXBuildFile; fileRef = 8A38D6332A9FF870003FB5DA /* AppDelegate.swift */; };
		8A38D6362A9FF870003FB5DA /* SceneDelegate.swift in Sources */ = {isa = PBXBuildFile; fileRef = 8A38D6352A9FF870003FB5DA /* SceneDelegate.swift */; };
		8A38D6382A9FF870003FB5DA /* SplashScreenVC.swift in Sources */ = {isa = PBXBuildFile; fileRef = 8A38D6372A9FF870003FB5DA /* SplashScreenVC.swift */; };
		8A38D63D2A9FF873003FB5DA /* Assets.xcassets in Resources */ = {isa = PBXBuildFile; fileRef = 8A38D63C2A9FF873003FB5DA /* Assets.xcassets */; };
		8A38D64B2A9FF873003FB5DA /* RM_ClientTests.swift in Sources */ = {isa = PBXBuildFile; fileRef = 8A38D64A2A9FF873003FB5DA /* RM_ClientTests.swift */; };
		8A38D6552A9FF873003FB5DA /* RM_ClientUITests.swift in Sources */ = {isa = PBXBuildFile; fileRef = 8A38D6542A9FF873003FB5DA /* RM_ClientUITests.swift */; };
		8A38D6572A9FF873003FB5DA /* RM_ClientUITestsLaunchTests.swift in Sources */ = {isa = PBXBuildFile; fileRef = 8A38D6562A9FF873003FB5DA /* RM_ClientUITestsLaunchTests.swift */; };
		8ABDA7CA2AA46ECF00761091 /* HomeNotificationsPermissionCollectionViewCell.swift in Sources */ = {isa = PBXBuildFile; fileRef = 8ABDA7C82AA46ECF00761091 /* HomeNotificationsPermissionCollectionViewCell.swift */; };
		8ABDA7CB2AA46ECF00761091 /* HomeNotificationsPermissionCollectionViewCell.xib in Resources */ = {isa = PBXBuildFile; fileRef = 8ABDA7C92AA46ECF00761091 /* HomeNotificationsPermissionCollectionViewCell.xib */; };
		8ABDA7CF2AA47FCB00761091 /* HomeStoragePermissionItemCollectionViewCell.swift in Sources */ = {isa = PBXBuildFile; fileRef = 8ABDA7CD2AA47FCB00761091 /* HomeStoragePermissionItemCollectionViewCell.swift */; };
		8ABDA7D02AA47FCB00761091 /* HomeStoragePermissionItemCollectionViewCell.xib in Resources */ = {isa = PBXBuildFile; fileRef = 8ABDA7CE2AA47FCB00761091 /* HomeStoragePermissionItemCollectionViewCell.xib */; };
		8ABDA7D22AA47FF800761091 /* HomeScreenStorageItem.swift in Sources */ = {isa = PBXBuildFile; fileRef = 8ABDA7D12AA47FF800761091 /* HomeScreenStorageItem.swift */; };
		8ABDA7D42AA484F200761091 /* RmCharacterModel.swift in Sources */ = {isa = PBXBuildFile; fileRef = 8ABDA7D32AA484F200761091 /* RmCharacterModel.swift */; };
		8ABDA7D62AA485B300761091 /* RmListResponse.swift in Sources */ = {isa = PBXBuildFile; fileRef = 8ABDA7D52AA485B300761091 /* RmListResponse.swift */; };
		8ABDA7D82AA48B3800761091 /* HomeScreenCharactersListItem.swift in Sources */ = {isa = PBXBuildFile; fileRef = 8ABDA7D72AA48B3800761091 /* HomeScreenCharactersListItem.swift */; };
		8ABDA7DB2AA48BDD00761091 /* HomeScreenCharactersCollectionViewCell.swift in Sources */ = {isa = PBXBuildFile; fileRef = 8ABDA7D92AA48BDD00761091 /* HomeScreenCharactersCollectionViewCell.swift */; };
		8ABDA7DC2AA48BDD00761091 /* HomeScreenCharactersCollectionViewCell.xib in Resources */ = {isa = PBXBuildFile; fileRef = 8ABDA7DA2AA48BDD00761091 /* HomeScreenCharactersCollectionViewCell.xib */; };
		8ABDA7DF2AA48F9600761091 /* CharacterHorizantelCollectionViewCell.swift in Sources */ = {isa = PBXBuildFile; fileRef = 8ABDA7DD2AA48F9600761091 /* CharacterHorizantelCollectionViewCell.swift */; };
		8ABDA7E02AA48F9600761091 /* CharacterHorizantelCollectionViewCell.xib in Resources */ = {isa = PBXBuildFile; fileRef = 8ABDA7DE2AA48F9600761091 /* CharacterHorizantelCollectionViewCell.xib */; };
		B86B04827A1A13130C9A1DED /* Pods_RM_ClientTests.framework in Frameworks */ = {isa = PBXBuildFile; fileRef = 15C19FB42DE75FC12B507F33 /* Pods_RM_ClientTests.framework */; };
/* End PBXBuildFile section */

/* Begin PBXContainerItemProxy section */
		8A38D6472A9FF873003FB5DA /* PBXContainerItemProxy */ = {
			isa = PBXContainerItemProxy;
			containerPortal = 8A38D6282A9FF870003FB5DA /* Project object */;
			proxyType = 1;
			remoteGlobalIDString = 8A38D62F2A9FF870003FB5DA;
			remoteInfo = "RM Client";
		};
		8A38D6512A9FF873003FB5DA /* PBXContainerItemProxy */ = {
			isa = PBXContainerItemProxy;
			containerPortal = 8A38D6282A9FF870003FB5DA /* Project object */;
			proxyType = 1;
			remoteGlobalIDString = 8A38D62F2A9FF870003FB5DA;
			remoteInfo = "RM Client";
		};
/* End PBXContainerItemProxy section */

/* Begin PBXFileReference section */
		121E1A96A513A335CB809941 /* Pods-RM Client-RM ClientUITests.debug.xcconfig */ = {isa = PBXFileReference; includeInIndex = 1; lastKnownFileType = text.xcconfig; name = "Pods-RM Client-RM ClientUITests.debug.xcconfig"; path = "Target Support Files/Pods-RM Client-RM ClientUITests/Pods-RM Client-RM ClientUITests.debug.xcconfig"; sourceTree = "<group>"; };
		1258EDD5E45D547C5B22CDD2 /* Pods-RM Client-RM ClientUITests.release.xcconfig */ = {isa = PBXFileReference; includeInIndex = 1; lastKnownFileType = text.xcconfig; name = "Pods-RM Client-RM ClientUITests.release.xcconfig"; path = "Target Support Files/Pods-RM Client-RM ClientUITests/Pods-RM Client-RM ClientUITests.release.xcconfig"; sourceTree = "<group>"; };
		15C19FB42DE75FC12B507F33 /* Pods_RM_ClientTests.framework */ = {isa = PBXFileReference; explicitFileType = wrapper.framework; includeInIndex = 0; path = Pods_RM_ClientTests.framework; sourceTree = BUILT_PRODUCTS_DIR; };
		3A7C349979F29E9B6279CA0F /* Pods-RM ClientTests.release.xcconfig */ = {isa = PBXFileReference; includeInIndex = 1; lastKnownFileType = text.xcconfig; name = "Pods-RM ClientTests.release.xcconfig"; path = "Target Support Files/Pods-RM ClientTests/Pods-RM ClientTests.release.xcconfig"; sourceTree = "<group>"; };
		494733B772F481E9BFB9C131 /* Pods-RM Client.release.xcconfig */ = {isa = PBXFileReference; includeInIndex = 1; lastKnownFileType = text.xcconfig; name = "Pods-RM Client.release.xcconfig"; path = "Target Support Files/Pods-RM Client/Pods-RM Client.release.xcconfig"; sourceTree = "<group>"; };
		570911696F1459959E228AB6 /* Pods_RM_Client.framework */ = {isa = PBXFileReference; explicitFileType = wrapper.framework; includeInIndex = 0; path = Pods_RM_Client.framework; sourceTree = BUILT_PRODUCTS_DIR; };
		57342F62A4E20AD83F3721B7 /* Pods-RM ClientTests.debug.xcconfig */ = {isa = PBXFileReference; includeInIndex = 1; lastKnownFileType = text.xcconfig; name = "Pods-RM ClientTests.debug.xcconfig"; path = "Target Support Files/Pods-RM ClientTests/Pods-RM ClientTests.debug.xcconfig"; sourceTree = "<group>"; };
		6C21BB944CC559832AB420C8 /* Pods_RM_Client_RM_ClientUITests.framework */ = {isa = PBXFileReference; explicitFileType = wrapper.framework; includeInIndex = 0; path = Pods_RM_Client_RM_ClientUITests.framework; sourceTree = BUILT_PRODUCTS_DIR; };
		8A0FC35E2A9FFCE400F4B558 /* RmLocalStorage.swift */ = {isa = PBXFileReference; lastKnownFileType = sourcecode.swift; path = RmLocalStorage.swift; sourceTree = "<group>"; };
		8A0FC3622A9FFEAF00F4B558 /* RmBaseVC.swift */ = {isa = PBXFileReference; lastKnownFileType = sourcecode.swift; path = RmBaseVC.swift; sourceTree = "<group>"; };
		8A0FC3662AA004A600F4B558 /* RmThemeUtils.swift */ = {isa = PBXFileReference; lastKnownFileType = sourcecode.swift; path = RmThemeUtils.swift; sourceTree = "<group>"; };
		8A1AE24F2AA1781D00EED489 /* OnBoardingScreenVC.swift */ = {isa = PBXFileReference; lastKnownFileType = sourcecode.swift; path = OnBoardingScreenVC.swift; sourceTree = "<group>"; };
		8A1AE2502AA1781D00EED489 /* OnBoardingScreenVC.xib */ = {isa = PBXFileReference; lastKnownFileType = file.xib; path = OnBoardingScreenVC.xib; sourceTree = "<group>"; };
		8A1AE2532AA1819900EED489 /* OnBoardingTabViewController.swift */ = {isa = PBXFileReference; lastKnownFileType = sourcecode.swift; path = OnBoardingTabViewController.swift; sourceTree = "<group>"; };
		8A1AE2542AA1819900EED489 /* OnBoardingTabViewController.xib */ = {isa = PBXFileReference; lastKnownFileType = file.xib; path = OnBoardingTabViewController.xib; sourceTree = "<group>"; };
		8A1AE2572AA197F600EED489 /* Utils.swift */ = {isa = PBXFileReference; lastKnownFileType = sourcecode.swift; path = Utils.swift; sourceTree = "<group>"; };
		8A1AE25D2AA1987100EED489 /* en */ = {isa = PBXFileReference; lastKnownFileType = text.plist.strings; name = en; path = en.lproj/Localizable.strings; sourceTree = "<group>"; };
		8A1AE25F2AA1987500EED489 /* ar */ = {isa = PBXFileReference; lastKnownFileType = text.plist.strings; name = ar; path = ar.lproj/Localizable.strings; sourceTree = "<group>"; };
		8A1AE2642AA1F6C700EED489 /* AuthScreenVC.swift */ = {isa = PBXFileReference; lastKnownFileType = sourcecode.swift; path = AuthScreenVC.swift; sourceTree = "<group>"; };
		8A1AE2652AA1F6C700EED489 /* AuthScreenVC.xib */ = {isa = PBXFileReference; lastKnownFileType = file.xib; path = AuthScreenVC.xib; sourceTree = "<group>"; };
		8A1AE2682AA24FD300EED489 /* HomeScreenVC.swift */ = {isa = PBXFileReference; lastKnownFileType = sourcecode.swift; path = HomeScreenVC.swift; sourceTree = "<group>"; };
		8A1AE2692AA24FD300EED489 /* HomeScreenVC.xib */ = {isa = PBXFileReference; lastKnownFileType = file.xib; path = HomeScreenVC.xib; sourceTree = "<group>"; };
		8A1AE2702AA2541800EED489 /* HomeScreenContentTabViewController.swift */ = {isa = PBXFileReference; lastKnownFileType = sourcecode.swift; path = HomeScreenContentTabViewController.swift; sourceTree = "<group>"; };
		8A1AE2732AA256B200EED489 /* HomeTabViewController.swift */ = {isa = PBXFileReference; lastKnownFileType = sourcecode.swift; path = HomeTabViewController.swift; sourceTree = "<group>"; };
		8A1AE2742AA256B200EED489 /* HomeTabViewController.xib */ = {isa = PBXFileReference; lastKnownFileType = file.xib; path = HomeTabViewController.xib; sourceTree = "<group>"; };
		8A1AE2772AA256D500EED489 /* EpisodsTabViewController.swift */ = {isa = PBXFileReference; lastKnownFileType = sourcecode.swift; path = EpisodsTabViewController.swift; sourceTree = "<group>"; };
		8A1AE2782AA256D500EED489 /* EpisodsTabViewController.xib */ = {isa = PBXFileReference; lastKnownFileType = file.xib; path = EpisodsTabViewController.xib; sourceTree = "<group>"; };
		8A1AE27B2AA256E300EED489 /* LocationsTabViewController.swift */ = {isa = PBXFileReference; lastKnownFileType = sourcecode.swift; path = LocationsTabViewController.swift; sourceTree = "<group>"; };
		8A1AE27C2AA256E300EED489 /* LocationsTabViewController.xib */ = {isa = PBXFileReference; lastKnownFileType = file.xib; path = LocationsTabViewController.xib; sourceTree = "<group>"; };
		8A1AE2802AA25DD100EED489 /* RmBaseViewModel.swift */ = {isa = PBXFileReference; lastKnownFileType = sourcecode.swift; path = RmBaseViewModel.swift; sourceTree = "<group>"; };
		8A1AE2822AA25EE100EED489 /* RmRequestMethod.swift */ = {isa = PBXFileReference; lastKnownFileType = sourcecode.swift; path = RmRequestMethod.swift; sourceTree = "<group>"; };
		8A1AE2842AA25F2300EED489 /* RmRequestUrl.swift */ = {isa = PBXFileReference; lastKnownFileType = sourcecode.swift; path = RmRequestUrl.swift; sourceTree = "<group>"; };
		8A1AE2862AA25FC500EED489 /* RmRequestInfo.swift */ = {isa = PBXFileReference; lastKnownFileType = sourcecode.swift; path = RmRequestInfo.swift; sourceTree = "<group>"; };
		8A1AE2882AA281BB00EED489 /* RmRequestManager.swift */ = {isa = PBXFileReference; lastKnownFileType = sourcecode.swift; path = RmRequestManager.swift; sourceTree = "<group>"; };
		8A1AE28A2AA286F400EED489 /* RmUseCase.swift */ = {isa = PBXFileReference; lastKnownFileType = sourcecode.swift; path = RmUseCase.swift; sourceTree = "<group>"; };
		8A1AE28C2AA2875A00EED489 /* RmUseCaseListener.swift */ = {isa = PBXFileReference; lastKnownFileType = sourcecode.swift; path = RmUseCaseListener.swift; sourceTree = "<group>"; };
		8A1AE28F2AA289A900EED489 /* RmBaseModel.swift */ = {isa = PBXFileReference; lastKnownFileType = sourcecode.swift; path = RmBaseModel.swift; sourceTree = "<group>"; };
		8A1AE2912AA28AE100EED489 /* RmAction.swift */ = {isa = PBXFileReference; lastKnownFileType = sourcecode.swift; path = RmAction.swift; sourceTree = "<group>"; };
		8A1AE2932AA28B3200EED489 /* HomeTabViewModel.swift */ = {isa = PBXFileReference; lastKnownFileType = sourcecode.swift; path = HomeTabViewModel.swift; sourceTree = "<group>"; };
		8A1AE2962AA28B4900EED489 /* HomeTabAction.swift */ = {isa = PBXFileReference; lastKnownFileType = sourcecode.swift; path = HomeTabAction.swift; sourceTree = "<group>"; };
		8A1AE2982AA320EA00EED489 /* RmViewModelState.swift */ = {isa = PBXFileReference; lastKnownFileType = sourcecode.swift; path = RmViewModelState.swift; sourceTree = "<group>"; };
		8A1AE29B2AA3256D00EED489 /* HomeScreenItem.swift */ = {isa = PBXFileReference; lastKnownFileType = sourcecode.swift; path = HomeScreenItem.swift; sourceTree = "<group>"; };
		8A1AE29D2AA3270300EED489 /* HomeScreenHeaderItem.swift */ = {isa = PBXFileReference; lastKnownFileType = sourcecode.swift; path = HomeScreenHeaderItem.swift; sourceTree = "<group>"; };
		8A1AE29F2AA3279800EED489 /* GetHomeScreenItemsVerticalListUseCase.swift */ = {isa = PBXFileReference; lastKnownFileType = sourcecode.swift; path = GetHomeScreenItemsVerticalListUseCase.swift; sourceTree = "<group>"; };
		8A1AE2A12AA3989200EED489 /* RmPermissionsManager.swift */ = {isa = PBXFileReference; lastKnownFileType = sourcecode.swift; path = RmPermissionsManager.swift; sourceTree = "<group>"; };
		8A1AE2A32AA3998200EED489 /* HomeScreenNotificationsPermissionItem.swift */ = {isa = PBXFileReference; lastKnownFileType = sourcecode.swift; path = HomeScreenNotificationsPermissionItem.swift; sourceTree = "<group>"; };
		8A1AE2A82AA3EA6200EED489 /* HomeScreenHeaderCollectionViewCell.swift */ = {isa = PBXFileReference; lastKnownFileType = sourcecode.swift; path = HomeScreenHeaderCollectionViewCell.swift; sourceTree = "<group>"; };
		8A1AE2A92AA3EA6200EED489 /* HomeScreenHeaderCollectionViewCell.xib */ = {isa = PBXFileReference; lastKnownFileType = file.xib; path = HomeScreenHeaderCollectionViewCell.xib; sourceTree = "<group>"; };
		8A38D6302A9FF870003FB5DA /* RM Client.app */ = {isa = PBXFileReference; explicitFileType = wrapper.application; includeInIndex = 0; path = "RM Client.app"; sourceTree = BUILT_PRODUCTS_DIR; };
		8A38D6332A9FF870003FB5DA /* AppDelegate.swift */ = {isa = PBXFileReference; lastKnownFileType = sourcecode.swift; path = AppDelegate.swift; sourceTree = "<group>"; };
		8A38D6352A9FF870003FB5DA /* SceneDelegate.swift */ = {isa = PBXFileReference; lastKnownFileType = sourcecode.swift; path = SceneDelegate.swift; sourceTree = "<group>"; };
		8A38D6372A9FF870003FB5DA /* SplashScreenVC.swift */ = {isa = PBXFileReference; lastKnownFileType = sourcecode.swift; path = SplashScreenVC.swift; sourceTree = "<group>"; };
		8A38D63C2A9FF873003FB5DA /* Assets.xcassets */ = {isa = PBXFileReference; lastKnownFileType = folder.assetcatalog; path = Assets.xcassets; sourceTree = "<group>"; };
		8A38D6412A9FF873003FB5DA /* Info.plist */ = {isa = PBXFileReference; lastKnownFileType = text.plist.xml; path = Info.plist; sourceTree = "<group>"; };
		8A38D6462A9FF873003FB5DA /* RM ClientTests.xctest */ = {isa = PBXFileReference; explicitFileType = wrapper.cfbundle; includeInIndex = 0; path = "RM ClientTests.xctest"; sourceTree = BUILT_PRODUCTS_DIR; };
		8A38D64A2A9FF873003FB5DA /* RM_ClientTests.swift */ = {isa = PBXFileReference; lastKnownFileType = sourcecode.swift; path = RM_ClientTests.swift; sourceTree = "<group>"; };
		8A38D6502A9FF873003FB5DA /* RM ClientUITests.xctest */ = {isa = PBXFileReference; explicitFileType = wrapper.cfbundle; includeInIndex = 0; path = "RM ClientUITests.xctest"; sourceTree = BUILT_PRODUCTS_DIR; };
		8A38D6542A9FF873003FB5DA /* RM_ClientUITests.swift */ = {isa = PBXFileReference; lastKnownFileType = sourcecode.swift; path = RM_ClientUITests.swift; sourceTree = "<group>"; };
		8A38D6562A9FF873003FB5DA /* RM_ClientUITestsLaunchTests.swift */ = {isa = PBXFileReference; lastKnownFileType = sourcecode.swift; path = RM_ClientUITestsLaunchTests.swift; sourceTree = "<group>"; };
		8ABDA7C82AA46ECF00761091 /* HomeNotificationsPermissionCollectionViewCell.swift */ = {isa = PBXFileReference; lastKnownFileType = sourcecode.swift; path = HomeNotificationsPermissionCollectionViewCell.swift; sourceTree = "<group>"; };
		8ABDA7C92AA46ECF00761091 /* HomeNotificationsPermissionCollectionViewCell.xib */ = {isa = PBXFileReference; lastKnownFileType = file.xib; path = HomeNotificationsPermissionCollectionViewCell.xib; sourceTree = "<group>"; };
		8ABDA7CD2AA47FCB00761091 /* HomeStoragePermissionItemCollectionViewCell.swift */ = {isa = PBXFileReference; lastKnownFileType = sourcecode.swift; path = HomeStoragePermissionItemCollectionViewCell.swift; sourceTree = "<group>"; };
		8ABDA7CE2AA47FCB00761091 /* HomeStoragePermissionItemCollectionViewCell.xib */ = {isa = PBXFileReference; lastKnownFileType = file.xib; path = HomeStoragePermissionItemCollectionViewCell.xib; sourceTree = "<group>"; };
		8ABDA7D12AA47FF800761091 /* HomeScreenStorageItem.swift */ = {isa = PBXFileReference; lastKnownFileType = sourcecode.swift; path = HomeScreenStorageItem.swift; sourceTree = "<group>"; };
		8ABDA7D32AA484F200761091 /* RmCharacterModel.swift */ = {isa = PBXFileReference; lastKnownFileType = sourcecode.swift; path = RmCharacterModel.swift; sourceTree = "<group>"; };
		8ABDA7D52AA485B300761091 /* RmListResponse.swift */ = {isa = PBXFileReference; lastKnownFileType = sourcecode.swift; path = RmListResponse.swift; sourceTree = "<group>"; };
		8ABDA7D72AA48B3800761091 /* HomeScreenCharactersListItem.swift */ = {isa = PBXFileReference; lastKnownFileType = sourcecode.swift; path = HomeScreenCharactersListItem.swift; sourceTree = "<group>"; };
		8ABDA7D92AA48BDD00761091 /* HomeScreenCharactersCollectionViewCell.swift */ = {isa = PBXFileReference; lastKnownFileType = sourcecode.swift; path = HomeScreenCharactersCollectionViewCell.swift; sourceTree = "<group>"; };
		8ABDA7DA2AA48BDD00761091 /* HomeScreenCharactersCollectionViewCell.xib */ = {isa = PBXFileReference; lastKnownFileType = file.xib; path = HomeScreenCharactersCollectionViewCell.xib; sourceTree = "<group>"; };
		8ABDA7DD2AA48F9600761091 /* CharacterHorizantelCollectionViewCell.swift */ = {isa = PBXFileReference; lastKnownFileType = sourcecode.swift; path = CharacterHorizantelCollectionViewCell.swift; sourceTree = "<group>"; };
		8ABDA7DE2AA48F9600761091 /* CharacterHorizantelCollectionViewCell.xib */ = {isa = PBXFileReference; lastKnownFileType = file.xib; path = CharacterHorizantelCollectionViewCell.xib; sourceTree = "<group>"; };
		B590DFCCD614A5925A017F66 /* Pods-RM Client.debug.xcconfig */ = {isa = PBXFileReference; includeInIndex = 1; lastKnownFileType = text.xcconfig; name = "Pods-RM Client.debug.xcconfig"; path = "Target Support Files/Pods-RM Client/Pods-RM Client.debug.xcconfig"; sourceTree = "<group>"; };
/* End PBXFileReference section */

/* Begin PBXFrameworksBuildPhase section */
		8A38D62D2A9FF870003FB5DA /* Frameworks */ = {
			isa = PBXFrameworksBuildPhase;
			buildActionMask = 2147483647;
			files = (
				6D6AEE4D700853ED3E4241DC /* Pods_RM_Client.framework in Frameworks */,
			);
			runOnlyForDeploymentPostprocessing = 0;
		};
		8A38D6432A9FF873003FB5DA /* Frameworks */ = {
			isa = PBXFrameworksBuildPhase;
			buildActionMask = 2147483647;
			files = (
				B86B04827A1A13130C9A1DED /* Pods_RM_ClientTests.framework in Frameworks */,
			);
			runOnlyForDeploymentPostprocessing = 0;
		};
		8A38D64D2A9FF873003FB5DA /* Frameworks */ = {
			isa = PBXFrameworksBuildPhase;
			buildActionMask = 2147483647;
			files = (
				71B144E606F2509088BC1A89 /* Pods_RM_Client_RM_ClientUITests.framework in Frameworks */,
			);
			runOnlyForDeploymentPostprocessing = 0;
		};
/* End PBXFrameworksBuildPhase section */

/* Begin PBXGroup section */
		0ADF6615D7699D85EC52AAC2 /* Pods */ = {
			isa = PBXGroup;
			children = (
				B590DFCCD614A5925A017F66 /* Pods-RM Client.debug.xcconfig */,
				494733B772F481E9BFB9C131 /* Pods-RM Client.release.xcconfig */,
				121E1A96A513A335CB809941 /* Pods-RM Client-RM ClientUITests.debug.xcconfig */,
				1258EDD5E45D547C5B22CDD2 /* Pods-RM Client-RM ClientUITests.release.xcconfig */,
				57342F62A4E20AD83F3721B7 /* Pods-RM ClientTests.debug.xcconfig */,
				3A7C349979F29E9B6279CA0F /* Pods-RM ClientTests.release.xcconfig */,
			);
			path = Pods;
			sourceTree = "<group>";
		};
		6FFB6FCF82EA1F45C8F25FED /* Frameworks */ = {
			isa = PBXGroup;
			children = (
				570911696F1459959E228AB6 /* Pods_RM_Client.framework */,
				6C21BB944CC559832AB420C8 /* Pods_RM_Client_RM_ClientUITests.framework */,
				15C19FB42DE75FC12B507F33 /* Pods_RM_ClientTests.framework */,
			);
			name = Frameworks;
			sourceTree = "<group>";
		};
		8A0FC3562A9FFC7600F4B558 /* Utils */ = {
			isa = PBXGroup;
			children = (
				8A0FC35E2A9FFCE400F4B558 /* RmLocalStorage.swift */,
				8A0FC3662AA004A600F4B558 /* RmThemeUtils.swift */,
				8A1AE2572AA197F600EED489 /* Utils.swift */,
				8A1AE2A12AA3989200EED489 /* RmPermissionsManager.swift */,
			);
			path = Utils;
			sourceTree = "<group>";
		};
		8A0FC3572A9FFC7A00F4B558 /* Features */ = {
			isa = PBXGroup;
			children = (
				8A0FC3602A9FFD9400F4B558 /* OnBoarding */,
				8A0FC35D2A9FFCB600F4B558 /* Auth */,
				8A0FC35C2A9FFCA700F4B558 /* Settings */,
				8A0FC35B2A9FFC9F00F4B558 /* Home */,
			);
			path = Features;
			sourceTree = "<group>";
		};
		8A0FC3582A9FFC8100F4B558 /* Services */ = {
			isa = PBXGroup;
			children = (
				8A1AE2822AA25EE100EED489 /* RmRequestMethod.swift */,
				8A1AE2842AA25F2300EED489 /* RmRequestUrl.swift */,
				8A1AE2862AA25FC500EED489 /* RmRequestInfo.swift */,
				8A1AE2882AA281BB00EED489 /* RmRequestManager.swift */,
			);
			path = Services;
			sourceTree = "<group>";
		};
		8A0FC3592A9FFC8800F4B558 /* UseCases */ = {
			isa = PBXGroup;
			children = (
				8A1AE29F2AA3279800EED489 /* GetHomeScreenItemsVerticalListUseCase.swift */,
			);
			path = UseCases;
			sourceTree = "<group>";
		};
		8A0FC35A2A9FFC9200F4B558 /* Views */ = {
			isa = PBXGroup;
			children = (
				8ABDA7CC2AA477E800761091 /* Home */,
				8ABDA7DD2AA48F9600761091 /* CharacterHorizantelCollectionViewCell.swift */,
				8ABDA7DE2AA48F9600761091 /* CharacterHorizantelCollectionViewCell.xib */,
			);
			path = Views;
			sourceTree = "<group>";
		};
		8A0FC35B2A9FFC9F00F4B558 /* Home */ = {
			isa = PBXGroup;
			children = (
				8A1AE2952AA28B4100EED489 /* Actions */,
				8A1AE27F2AA25DA800EED489 /* ViewModels */,
				8A1AE2722AA2549F00EED489 /* Tabs */,
				8A1AE2682AA24FD300EED489 /* HomeScreenVC.swift */,
				8A1AE2692AA24FD300EED489 /* HomeScreenVC.xib */,
				8A1AE2702AA2541800EED489 /* HomeScreenContentTabViewController.swift */,
			);
			path = Home;
			sourceTree = "<group>";
		};
		8A0FC35C2A9FFCA700F4B558 /* Settings */ = {
			isa = PBXGroup;
			children = (
			);
			path = Settings;
			sourceTree = "<group>";
		};
		8A0FC35D2A9FFCB600F4B558 /* Auth */ = {
			isa = PBXGroup;
			children = (
				8A1AE2642AA1F6C700EED489 /* AuthScreenVC.swift */,
				8A1AE2652AA1F6C700EED489 /* AuthScreenVC.xib */,
			);
			path = Auth;
			sourceTree = "<group>";
		};
		8A0FC3602A9FFD9400F4B558 /* OnBoarding */ = {
			isa = PBXGroup;
			children = (
				8A1AE24F2AA1781D00EED489 /* OnBoardingScreenVC.swift */,
				8A1AE2502AA1781D00EED489 /* OnBoardingScreenVC.xib */,
				8A1AE2532AA1819900EED489 /* OnBoardingTabViewController.swift */,
				8A1AE2542AA1819900EED489 /* OnBoardingTabViewController.xib */,
			);
			path = OnBoarding;
			sourceTree = "<group>";
		};
		8A0FC3612A9FFEA100F4B558 /* Core */ = {
			isa = PBXGroup;
			children = (
				8A0FC3622A9FFEAF00F4B558 /* RmBaseVC.swift */,
				8A1AE2802AA25DD100EED489 /* RmBaseViewModel.swift */,
				8A1AE28A2AA286F400EED489 /* RmUseCase.swift */,
				8A1AE28C2AA2875A00EED489 /* RmUseCaseListener.swift */,
				8A1AE2912AA28AE100EED489 /* RmAction.swift */,
				8A1AE2982AA320EA00EED489 /* RmViewModelState.swift */,
			);
			path = Core;
			sourceTree = "<group>";
		};
		8A1AE2592AA1985600EED489 /* Localization */ = {
			isa = PBXGroup;
			children = (
				8A1AE25E2AA1987100EED489 /* Localizable.strings */,
			);
			path = Localization;
			sourceTree = "<group>";
		};
		8A1AE2722AA2549F00EED489 /* Tabs */ = {
			isa = PBXGroup;
			children = (
				8A1AE2732AA256B200EED489 /* HomeTabViewController.swift */,
				8A1AE2742AA256B200EED489 /* HomeTabViewController.xib */,
				8A1AE2772AA256D500EED489 /* EpisodsTabViewController.swift */,
				8A1AE2782AA256D500EED489 /* EpisodsTabViewController.xib */,
				8A1AE27B2AA256E300EED489 /* LocationsTabViewController.swift */,
				8A1AE27C2AA256E300EED489 /* LocationsTabViewController.xib */,
			);
			path = Tabs;
			sourceTree = "<group>";
		};
		8A1AE27F2AA25DA800EED489 /* ViewModels */ = {
			isa = PBXGroup;
			children = (
				8A1AE2932AA28B3200EED489 /* HomeTabViewModel.swift */,
			);
			path = ViewModels;
			sourceTree = "<group>";
		};
		8A1AE28E2AA2899B00EED489 /* Models */ = {
			isa = PBXGroup;
			children = (
				8A1AE29A2AA3256400EED489 /* Home */,
				8A1AE28F2AA289A900EED489 /* RmBaseModel.swift */,
				8ABDA7D32AA484F200761091 /* RmCharacterModel.swift */,
				8ABDA7D52AA485B300761091 /* RmListResponse.swift */,
			);
			path = Models;
			sourceTree = "<group>";
		};
		8A1AE2952AA28B4100EED489 /* Actions */ = {
			isa = PBXGroup;
			children = (
				8A1AE2962AA28B4900EED489 /* HomeTabAction.swift */,
			);
			path = Actions;
			sourceTree = "<group>";
		};
		8A1AE29A2AA3256400EED489 /* Home */ = {
			isa = PBXGroup;
			children = (
				8A1AE29B2AA3256D00EED489 /* HomeScreenItem.swift */,
				8A1AE29D2AA3270300EED489 /* HomeScreenHeaderItem.swift */,
				8A1AE2A32AA3998200EED489 /* HomeScreenNotificationsPermissionItem.swift */,
				8ABDA7D12AA47FF800761091 /* HomeScreenStorageItem.swift */,
				8ABDA7D72AA48B3800761091 /* HomeScreenCharactersListItem.swift */,
			);
			path = Home;
			sourceTree = "<group>";
		};
		8A38D6272A9FF870003FB5DA = {
			isa = PBXGroup;
			children = (
				8A38D6322A9FF870003FB5DA /* RM Client */,
				8A38D6492A9FF873003FB5DA /* RM ClientTests */,
				8A38D6532A9FF873003FB5DA /* RM ClientUITests */,
				8A38D6312A9FF870003FB5DA /* Products */,
				0ADF6615D7699D85EC52AAC2 /* Pods */,
				6FFB6FCF82EA1F45C8F25FED /* Frameworks */,
			);
			sourceTree = "<group>";
		};
		8A38D6312A9FF870003FB5DA /* Products */ = {
			isa = PBXGroup;
			children = (
				8A38D6302A9FF870003FB5DA /* RM Client.app */,
				8A38D6462A9FF873003FB5DA /* RM ClientTests.xctest */,
				8A38D6502A9FF873003FB5DA /* RM ClientUITests.xctest */,
			);
			name = Products;
			sourceTree = "<group>";
		};
		8A38D6322A9FF870003FB5DA /* RM Client */ = {
			isa = PBXGroup;
			children = (
				8A1AE28E2AA2899B00EED489 /* Models */,
				8A1AE2592AA1985600EED489 /* Localization */,
				8A0FC3612A9FFEA100F4B558 /* Core */,
				8A0FC35A2A9FFC9200F4B558 /* Views */,
				8A0FC3592A9FFC8800F4B558 /* UseCases */,
				8A0FC3582A9FFC8100F4B558 /* Services */,
				8A0FC3572A9FFC7A00F4B558 /* Features */,
				8A0FC3562A9FFC7600F4B558 /* Utils */,
				8A38D6332A9FF870003FB5DA /* AppDelegate.swift */,
				8A38D6352A9FF870003FB5DA /* SceneDelegate.swift */,
				8A38D6372A9FF870003FB5DA /* SplashScreenVC.swift */,
				8A38D63C2A9FF873003FB5DA /* Assets.xcassets */,
				8A38D6412A9FF873003FB5DA /* Info.plist */,
			);
			path = "RM Client";
			sourceTree = "<group>";
		};
		8A38D6492A9FF873003FB5DA /* RM ClientTests */ = {
			isa = PBXGroup;
			children = (
				8A38D64A2A9FF873003FB5DA /* RM_ClientTests.swift */,
			);
			path = "RM ClientTests";
			sourceTree = "<group>";
		};
		8A38D6532A9FF873003FB5DA /* RM ClientUITests */ = {
			isa = PBXGroup;
			children = (
				8A38D6542A9FF873003FB5DA /* RM_ClientUITests.swift */,
				8A38D6562A9FF873003FB5DA /* RM_ClientUITestsLaunchTests.swift */,
			);
			path = "RM ClientUITests";
			sourceTree = "<group>";
		};
		8ABDA7CC2AA477E800761091 /* Home */ = {
			isa = PBXGroup;
			children = (
				8A1AE2A82AA3EA6200EED489 /* HomeScreenHeaderCollectionViewCell.swift */,
				8A1AE2A92AA3EA6200EED489 /* HomeScreenHeaderCollectionViewCell.xib */,
				8ABDA7C82AA46ECF00761091 /* HomeNotificationsPermissionCollectionViewCell.swift */,
				8ABDA7C92AA46ECF00761091 /* HomeNotificationsPermissionCollectionViewCell.xib */,
				8ABDA7CD2AA47FCB00761091 /* HomeStoragePermissionItemCollectionViewCell.swift */,
				8ABDA7CE2AA47FCB00761091 /* HomeStoragePermissionItemCollectionViewCell.xib */,
				8ABDA7D92AA48BDD00761091 /* HomeScreenCharactersCollectionViewCell.swift */,
				8ABDA7DA2AA48BDD00761091 /* HomeScreenCharactersCollectionViewCell.xib */,
			);
			path = Home;
			sourceTree = "<group>";
		};
/* End PBXGroup section */

/* Begin PBXNativeTarget section */
		8A38D62F2A9FF870003FB5DA /* RM Client */ = {
			isa = PBXNativeTarget;
			buildConfigurationList = 8A38D65A2A9FF873003FB5DA /* Build configuration list for PBXNativeTarget "RM Client" */;
			buildPhases = (
				E291FDF1D7A50F093CD6F2BA /* [CP] Check Pods Manifest.lock */,
				8A38D62C2A9FF870003FB5DA /* Sources */,
				8A38D62D2A9FF870003FB5DA /* Frameworks */,
				8A38D62E2A9FF870003FB5DA /* Resources */,
				10202DAED9F583957184FEBF /* [CP] Embed Pods Frameworks */,
			);
			buildRules = (
			);
			dependencies = (
			);
			name = "RM Client";
			productName = "RM Client";
			productReference = 8A38D6302A9FF870003FB5DA /* RM Client.app */;
			productType = "com.apple.product-type.application";
		};
		8A38D6452A9FF873003FB5DA /* RM ClientTests */ = {
			isa = PBXNativeTarget;
			buildConfigurationList = 8A38D65D2A9FF873003FB5DA /* Build configuration list for PBXNativeTarget "RM ClientTests" */;
			buildPhases = (
				03827A0CD8F82B47769CAC59 /* [CP] Check Pods Manifest.lock */,
				8A38D6422A9FF873003FB5DA /* Sources */,
				8A38D6432A9FF873003FB5DA /* Frameworks */,
				8A38D6442A9FF873003FB5DA /* Resources */,
			);
			buildRules = (
			);
			dependencies = (
				8A38D6482A9FF873003FB5DA /* PBXTargetDependency */,
			);
			name = "RM ClientTests";
			productName = "RM ClientTests";
			productReference = 8A38D6462A9FF873003FB5DA /* RM ClientTests.xctest */;
			productType = "com.apple.product-type.bundle.unit-test";
		};
		8A38D64F2A9FF873003FB5DA /* RM ClientUITests */ = {
			isa = PBXNativeTarget;
			buildConfigurationList = 8A38D6602A9FF873003FB5DA /* Build configuration list for PBXNativeTarget "RM ClientUITests" */;
			buildPhases = (
				7BF7DA154DA47CA0998C9870 /* [CP] Check Pods Manifest.lock */,
				8A38D64C2A9FF873003FB5DA /* Sources */,
				8A38D64D2A9FF873003FB5DA /* Frameworks */,
				8A38D64E2A9FF873003FB5DA /* Resources */,
				E9DF6F0FE13199FC0A2A6499 /* [CP] Embed Pods Frameworks */,
			);
			buildRules = (
			);
			dependencies = (
				8A38D6522A9FF873003FB5DA /* PBXTargetDependency */,
			);
			name = "RM ClientUITests";
			productName = "RM ClientUITests";
			productReference = 8A38D6502A9FF873003FB5DA /* RM ClientUITests.xctest */;
			productType = "com.apple.product-type.bundle.ui-testing";
		};
/* End PBXNativeTarget section */

/* Begin PBXProject section */
		8A38D6282A9FF870003FB5DA /* Project object */ = {
			isa = PBXProject;
			attributes = {
				BuildIndependentTargetsInParallel = 1;
				LastSwiftUpdateCheck = 1430;
				LastUpgradeCheck = 1430;
				TargetAttributes = {
					8A38D62F2A9FF870003FB5DA = {
						CreatedOnToolsVersion = 14.3.1;
					};
					8A38D6452A9FF873003FB5DA = {
						CreatedOnToolsVersion = 14.3.1;
						TestTargetID = 8A38D62F2A9FF870003FB5DA;
					};
					8A38D64F2A9FF873003FB5DA = {
						CreatedOnToolsVersion = 14.3.1;
						TestTargetID = 8A38D62F2A9FF870003FB5DA;
					};
				};
			};
			buildConfigurationList = 8A38D62B2A9FF870003FB5DA /* Build configuration list for PBXProject "RM Client" */;
			compatibilityVersion = "Xcode 14.0";
			developmentRegion = en;
			hasScannedForEncodings = 0;
			knownRegions = (
				en,
				Base,
				ar,
			);
			mainGroup = 8A38D6272A9FF870003FB5DA;
			productRefGroup = 8A38D6312A9FF870003FB5DA /* Products */;
			projectDirPath = "";
			projectRoot = "";
			targets = (
				8A38D62F2A9FF870003FB5DA /* RM Client */,
				8A38D6452A9FF873003FB5DA /* RM ClientTests */,
				8A38D64F2A9FF873003FB5DA /* RM ClientUITests */,
			);
		};
/* End PBXProject section */

/* Begin PBXResourcesBuildPhase section */
		8A38D62E2A9FF870003FB5DA /* Resources */ = {
			isa = PBXResourcesBuildPhase;
			buildActionMask = 2147483647;
			files = (
				8A1AE2562AA1819900EED489 /* OnBoardingTabViewController.xib in Resources */,
				8ABDA7D02AA47FCB00761091 /* HomeStoragePermissionItemCollectionViewCell.xib in Resources */,
				8A1AE27E2AA256E300EED489 /* LocationsTabViewController.xib in Resources */,
				8A1AE2AB2AA3EA6200EED489 /* HomeScreenHeaderCollectionViewCell.xib in Resources */,
				8ABDA7E02AA48F9600761091 /* CharacterHorizantelCollectionViewCell.xib in Resources */,
				8A1AE26B2AA24FD300EED489 /* HomeScreenVC.xib in Resources */,
				8A1AE27A2AA256D500EED489 /* EpisodsTabViewController.xib in Resources */,
				8A1AE2762AA256B200EED489 /* HomeTabViewController.xib in Resources */,
				8A1AE25C2AA1987100EED489 /* Localizable.strings in Resources */,
				8A1AE2672AA1F6C700EED489 /* AuthScreenVC.xib in Resources */,
				8A38D63D2A9FF873003FB5DA /* Assets.xcassets in Resources */,
				8ABDA7DC2AA48BDD00761091 /* HomeScreenCharactersCollectionViewCell.xib in Resources */,
				8A1AE2522AA1781D00EED489 /* OnBoardingScreenVC.xib in Resources */,
				8ABDA7CB2AA46ECF00761091 /* HomeNotificationsPermissionCollectionViewCell.xib in Resources */,
			);
			runOnlyForDeploymentPostprocessing = 0;
		};
		8A38D6442A9FF873003FB5DA /* Resources */ = {
			isa = PBXResourcesBuildPhase;
			buildActionMask = 2147483647;
			files = (
			);
			runOnlyForDeploymentPostprocessing = 0;
		};
		8A38D64E2A9FF873003FB5DA /* Resources */ = {
			isa = PBXResourcesBuildPhase;
			buildActionMask = 2147483647;
			files = (
			);
			runOnlyForDeploymentPostprocessing = 0;
		};
/* End PBXResourcesBuildPhase section */

/* Begin PBXShellScriptBuildPhase section */
		03827A0CD8F82B47769CAC59 /* [CP] Check Pods Manifest.lock */ = {
			isa = PBXShellScriptBuildPhase;
			buildActionMask = 2147483647;
			files = (
			);
			inputFileListPaths = (
			);
			inputPaths = (
				"${PODS_PODFILE_DIR_PATH}/Podfile.lock",
				"${PODS_ROOT}/Manifest.lock",
			);
			name = "[CP] Check Pods Manifest.lock";
			outputFileListPaths = (
			);
			outputPaths = (
				"$(DERIVED_FILE_DIR)/Pods-RM ClientTests-checkManifestLockResult.txt",
			);
			runOnlyForDeploymentPostprocessing = 0;
			shellPath = /bin/sh;
			shellScript = "diff \"${PODS_PODFILE_DIR_PATH}/Podfile.lock\" \"${PODS_ROOT}/Manifest.lock\" > /dev/null\nif [ $? != 0 ] ; then\n    # print error to STDERR\n    echo \"error: The sandbox is not in sync with the Podfile.lock. Run 'pod install' or update your CocoaPods installation.\" >&2\n    exit 1\nfi\n# This output is used by Xcode 'outputs' to avoid re-running this script phase.\necho \"SUCCESS\" > \"${SCRIPT_OUTPUT_FILE_0}\"\n";
			showEnvVarsInLog = 0;
		};
		10202DAED9F583957184FEBF /* [CP] Embed Pods Frameworks */ = {
			isa = PBXShellScriptBuildPhase;
			buildActionMask = 2147483647;
			files = (
			);
			inputFileListPaths = (
				"${PODS_ROOT}/Target Support Files/Pods-RM Client/Pods-RM Client-frameworks-${CONFIGURATION}-input-files.xcfilelist",
			);
			name = "[CP] Embed Pods Frameworks";
			outputFileListPaths = (
				"${PODS_ROOT}/Target Support Files/Pods-RM Client/Pods-RM Client-frameworks-${CONFIGURATION}-output-files.xcfilelist",
			);
			runOnlyForDeploymentPostprocessing = 0;
			shellPath = /bin/sh;
			shellScript = "\"${PODS_ROOT}/Target Support Files/Pods-RM Client/Pods-RM Client-frameworks.sh\"\n";
			showEnvVarsInLog = 0;
		};
		7BF7DA154DA47CA0998C9870 /* [CP] Check Pods Manifest.lock */ = {
			isa = PBXShellScriptBuildPhase;
			buildActionMask = 2147483647;
			files = (
			);
			inputFileListPaths = (
			);
			inputPaths = (
				"${PODS_PODFILE_DIR_PATH}/Podfile.lock",
				"${PODS_ROOT}/Manifest.lock",
			);
			name = "[CP] Check Pods Manifest.lock";
			outputFileListPaths = (
			);
			outputPaths = (
				"$(DERIVED_FILE_DIR)/Pods-RM Client-RM ClientUITests-checkManifestLockResult.txt",
			);
			runOnlyForDeploymentPostprocessing = 0;
			shellPath = /bin/sh;
			shellScript = "diff \"${PODS_PODFILE_DIR_PATH}/Podfile.lock\" \"${PODS_ROOT}/Manifest.lock\" > /dev/null\nif [ $? != 0 ] ; then\n    # print error to STDERR\n    echo \"error: The sandbox is not in sync with the Podfile.lock. Run 'pod install' or update your CocoaPods installation.\" >&2\n    exit 1\nfi\n# This output is used by Xcode 'outputs' to avoid re-running this script phase.\necho \"SUCCESS\" > \"${SCRIPT_OUTPUT_FILE_0}\"\n";
			showEnvVarsInLog = 0;
		};
		E291FDF1D7A50F093CD6F2BA /* [CP] Check Pods Manifest.lock */ = {
			isa = PBXShellScriptBuildPhase;
			buildActionMask = 2147483647;
			files = (
			);
			inputFileListPaths = (
			);
			inputPaths = (
				"${PODS_PODFILE_DIR_PATH}/Podfile.lock",
				"${PODS_ROOT}/Manifest.lock",
			);
			name = "[CP] Check Pods Manifest.lock";
			outputFileListPaths = (
			);
			outputPaths = (
				"$(DERIVED_FILE_DIR)/Pods-RM Client-checkManifestLockResult.txt",
			);
			runOnlyForDeploymentPostprocessing = 0;
			shellPath = /bin/sh;
			shellScript = "diff \"${PODS_PODFILE_DIR_PATH}/Podfile.lock\" \"${PODS_ROOT}/Manifest.lock\" > /dev/null\nif [ $? != 0 ] ; then\n    # print error to STDERR\n    echo \"error: The sandbox is not in sync with the Podfile.lock. Run 'pod install' or update your CocoaPods installation.\" >&2\n    exit 1\nfi\n# This output is used by Xcode 'outputs' to avoid re-running this script phase.\necho \"SUCCESS\" > \"${SCRIPT_OUTPUT_FILE_0}\"\n";
			showEnvVarsInLog = 0;
		};
		E9DF6F0FE13199FC0A2A6499 /* [CP] Embed Pods Frameworks */ = {
			isa = PBXShellScriptBuildPhase;
			buildActionMask = 2147483647;
			files = (
			);
			inputFileListPaths = (
				"${PODS_ROOT}/Target Support Files/Pods-RM Client-RM ClientUITests/Pods-RM Client-RM ClientUITests-frameworks-${CONFIGURATION}-input-files.xcfilelist",
			);
			name = "[CP] Embed Pods Frameworks";
			outputFileListPaths = (
				"${PODS_ROOT}/Target Support Files/Pods-RM Client-RM ClientUITests/Pods-RM Client-RM ClientUITests-frameworks-${CONFIGURATION}-output-files.xcfilelist",
			);
			runOnlyForDeploymentPostprocessing = 0;
			shellPath = /bin/sh;
			shellScript = "\"${PODS_ROOT}/Target Support Files/Pods-RM Client-RM ClientUITests/Pods-RM Client-RM ClientUITests-frameworks.sh\"\n";
			showEnvVarsInLog = 0;
		};
/* End PBXShellScriptBuildPhase section */

/* Begin PBXSourcesBuildPhase section */
		8A38D62C2A9FF870003FB5DA /* Sources */ = {
			isa = PBXSourcesBuildPhase;
			buildActionMask = 2147483647;
			files = (
				8A1AE2992AA320EA00EED489 /* RmViewModelState.swift in Sources */,
				8A1AE2A42AA3998200EED489 /* HomeScreenNotificationsPermissionItem.swift in Sources */,
				8A1AE2892AA281BB00EED489 /* RmRequestManager.swift in Sources */,
				8ABDA7D22AA47FF800761091 /* HomeScreenStorageItem.swift in Sources */,
				8A1AE2A22AA3989200EED489 /* RmPermissionsManager.swift in Sources */,
				8A1AE2942AA28B3200EED489 /* HomeTabViewModel.swift in Sources */,
				8A38D6382A9FF870003FB5DA /* SplashScreenVC.swift in Sources */,
				8ABDA7DB2AA48BDD00761091 /* HomeScreenCharactersCollectionViewCell.swift in Sources */,
				8A1AE2712AA2541800EED489 /* HomeScreenContentTabViewController.swift in Sources */,
				8A1AE28B2AA286F400EED489 /* RmUseCase.swift in Sources */,
				8A1AE2792AA256D500EED489 /* EpisodsTabViewController.swift in Sources */,
				8ABDA7D82AA48B3800761091 /* HomeScreenCharactersListItem.swift in Sources */,
				8A1AE26A2AA24FD300EED489 /* HomeScreenVC.swift in Sources */,
				8A1AE2922AA28AE100EED489 /* RmAction.swift in Sources */,
				8A38D6342A9FF870003FB5DA /* AppDelegate.swift in Sources */,
				8A1AE27D2AA256E300EED489 /* LocationsTabViewController.swift in Sources */,
				8A1AE2852AA25F2300EED489 /* RmRequestUrl.swift in Sources */,
				8A1AE2812AA25DD100EED489 /* RmBaseViewModel.swift in Sources */,
				8A1AE2552AA1819900EED489 /* OnBoardingTabViewController.swift in Sources */,
				8ABDA7CF2AA47FCB00761091 /* HomeStoragePermissionItemCollectionViewCell.swift in Sources */,
				8A0FC35F2A9FFCE400F4B558 /* RmLocalStorage.swift in Sources */,
				8A1AE2AA2AA3EA6200EED489 /* HomeScreenHeaderCollectionViewCell.swift in Sources */,
				8A1AE29C2AA3256D00EED489 /* HomeScreenItem.swift in Sources */,
				8A0FC3672AA004A600F4B558 /* RmThemeUtils.swift in Sources */,
				8A1AE2512AA1781D00EED489 /* OnBoardingScreenVC.swift in Sources */,
				8A1AE2752AA256B200EED489 /* HomeTabViewController.swift in Sources */,
				8A1AE2582AA197F600EED489 /* Utils.swift in Sources */,
				8ABDA7D62AA485B300761091 /* RmListResponse.swift in Sources */,
				8A1AE2A02AA3279800EED489 /* GetHomeScreenItemsVerticalListUseCase.swift in Sources */,
				8ABDA7DF2AA48F9600761091 /* CharacterHorizantelCollectionViewCell.swift in Sources */,
				8A1AE29E2AA3270300EED489 /* HomeScreenHeaderItem.swift in Sources */,
				8A0FC3632A9FFEAF00F4B558 /* RmBaseVC.swift in Sources */,
				8A38D6362A9FF870003FB5DA /* SceneDelegate.swift in Sources */,
				8A1AE28D2AA2875A00EED489 /* RmUseCaseListener.swift in Sources */,
				8A1AE2832AA25EE100EED489 /* RmRequestMethod.swift in Sources */,
				8ABDA7CA2AA46ECF00761091 /* HomeNotificationsPermissionCollectionViewCell.swift in Sources */,
				8A1AE2902AA289A900EED489 /* RmBaseModel.swift in Sources */,
				8A1AE2662AA1F6C700EED489 /* AuthScreenVC.swift in Sources */,
				8A1AE2972AA28B4900EED489 /* HomeTabAction.swift in Sources */,
				8ABDA7D42AA484F200761091 /* RmCharacterModel.swift in Sources */,
				8A1AE2872AA25FC500EED489 /* RmRequestInfo.swift in Sources */,
			);
			runOnlyForDeploymentPostprocessing = 0;
		};
		8A38D6422A9FF873003FB5DA /* Sources */ = {
			isa = PBXSourcesBuildPhase;
			buildActionMask = 2147483647;
			files = (
				8A38D64B2A9FF873003FB5DA /* RM_ClientTests.swift in Sources */,
			);
			runOnlyForDeploymentPostprocessing = 0;
		};
		8A38D64C2A9FF873003FB5DA /* Sources */ = {
			isa = PBXSourcesBuildPhase;
			buildActionMask = 2147483647;
			files = (
				8A38D6572A9FF873003FB5DA /* RM_ClientUITestsLaunchTests.swift in Sources */,
				8A38D6552A9FF873003FB5DA /* RM_ClientUITests.swift in Sources */,
			);
			runOnlyForDeploymentPostprocessing = 0;
		};
/* End PBXSourcesBuildPhase section */

/* Begin PBXTargetDependency section */
		8A38D6482A9FF873003FB5DA /* PBXTargetDependency */ = {
			isa = PBXTargetDependency;
			target = 8A38D62F2A9FF870003FB5DA /* RM Client */;
			targetProxy = 8A38D6472A9FF873003FB5DA /* PBXContainerItemProxy */;
		};
		8A38D6522A9FF873003FB5DA /* PBXTargetDependency */ = {
			isa = PBXTargetDependency;
			target = 8A38D62F2A9FF870003FB5DA /* RM Client */;
			targetProxy = 8A38D6512A9FF873003FB5DA /* PBXContainerItemProxy */;
		};
/* End PBXTargetDependency section */

/* Begin PBXVariantGroup section */
		8A1AE25E2AA1987100EED489 /* Localizable.strings */ = {
			isa = PBXVariantGroup;
			children = (
				8A1AE25D2AA1987100EED489 /* en */,
				8A1AE25F2AA1987500EED489 /* ar */,
			);
			name = Localizable.strings;
			sourceTree = "<group>";
		};
/* End PBXVariantGroup section */

/* Begin XCBuildConfiguration section */
		8A38D6582A9FF873003FB5DA /* Debug */ = {
			isa = XCBuildConfiguration;
			buildSettings = {
				ALWAYS_SEARCH_USER_PATHS = NO;
				CLANG_ANALYZER_NONNULL = YES;
				CLANG_ANALYZER_NUMBER_OBJECT_CONVERSION = YES_AGGRESSIVE;
				CLANG_CXX_LANGUAGE_STANDARD = "gnu++20";
				CLANG_ENABLE_MODULES = YES;
				CLANG_ENABLE_OBJC_ARC = YES;
				CLANG_ENABLE_OBJC_WEAK = YES;
				CLANG_WARN_BLOCK_CAPTURE_AUTORELEASING = YES;
				CLANG_WARN_BOOL_CONVERSION = YES;
				CLANG_WARN_COMMA = YES;
				CLANG_WARN_CONSTANT_CONVERSION = YES;
				CLANG_WARN_DEPRECATED_OBJC_IMPLEMENTATIONS = YES;
				CLANG_WARN_DIRECT_OBJC_ISA_USAGE = YES_ERROR;
				CLANG_WARN_DOCUMENTATION_COMMENTS = YES;
				CLANG_WARN_EMPTY_BODY = YES;
				CLANG_WARN_ENUM_CONVERSION = YES;
				CLANG_WARN_INFINITE_RECURSION = YES;
				CLANG_WARN_INT_CONVERSION = YES;
				CLANG_WARN_NON_LITERAL_NULL_CONVERSION = YES;
				CLANG_WARN_OBJC_IMPLICIT_RETAIN_SELF = YES;
				CLANG_WARN_OBJC_LITERAL_CONVERSION = YES;
				CLANG_WARN_OBJC_ROOT_CLASS = YES_ERROR;
				CLANG_WARN_QUOTED_INCLUDE_IN_FRAMEWORK_HEADER = YES;
				CLANG_WARN_RANGE_LOOP_ANALYSIS = YES;
				CLANG_WARN_STRICT_PROTOTYPES = YES;
				CLANG_WARN_SUSPICIOUS_MOVE = YES;
				CLANG_WARN_UNGUARDED_AVAILABILITY = YES_AGGRESSIVE;
				CLANG_WARN_UNREACHABLE_CODE = YES;
				CLANG_WARN__DUPLICATE_METHOD_MATCH = YES;
				COPY_PHASE_STRIP = NO;
				DEBUG_INFORMATION_FORMAT = dwarf;
				ENABLE_STRICT_OBJC_MSGSEND = YES;
				ENABLE_TESTABILITY = YES;
				GCC_C_LANGUAGE_STANDARD = gnu11;
				GCC_DYNAMIC_NO_PIC = NO;
				GCC_NO_COMMON_BLOCKS = YES;
				GCC_OPTIMIZATION_LEVEL = 0;
				GCC_PREPROCESSOR_DEFINITIONS = (
					"DEBUG=1",
					"$(inherited)",
				);
				GCC_WARN_64_TO_32_BIT_CONVERSION = YES;
				GCC_WARN_ABOUT_RETURN_TYPE = YES_ERROR;
				GCC_WARN_UNDECLARED_SELECTOR = YES;
				GCC_WARN_UNINITIALIZED_AUTOS = YES_AGGRESSIVE;
				GCC_WARN_UNUSED_FUNCTION = YES;
				GCC_WARN_UNUSED_VARIABLE = YES;
				IPHONEOS_DEPLOYMENT_TARGET = 16.4;
				MTL_ENABLE_DEBUG_INFO = INCLUDE_SOURCE;
				MTL_FAST_MATH = YES;
				ONLY_ACTIVE_ARCH = YES;
				SDKROOT = iphoneos;
				SWIFT_ACTIVE_COMPILATION_CONDITIONS = DEBUG;
				SWIFT_OPTIMIZATION_LEVEL = "-Onone";
			};
			name = Debug;
		};
		8A38D6592A9FF873003FB5DA /* Release */ = {
			isa = XCBuildConfiguration;
			buildSettings = {
				ALWAYS_SEARCH_USER_PATHS = NO;
				CLANG_ANALYZER_NONNULL = YES;
				CLANG_ANALYZER_NUMBER_OBJECT_CONVERSION = YES_AGGRESSIVE;
				CLANG_CXX_LANGUAGE_STANDARD = "gnu++20";
				CLANG_ENABLE_MODULES = YES;
				CLANG_ENABLE_OBJC_ARC = YES;
				CLANG_ENABLE_OBJC_WEAK = YES;
				CLANG_WARN_BLOCK_CAPTURE_AUTORELEASING = YES;
				CLANG_WARN_BOOL_CONVERSION = YES;
				CLANG_WARN_COMMA = YES;
				CLANG_WARN_CONSTANT_CONVERSION = YES;
				CLANG_WARN_DEPRECATED_OBJC_IMPLEMENTATIONS = YES;
				CLANG_WARN_DIRECT_OBJC_ISA_USAGE = YES_ERROR;
				CLANG_WARN_DOCUMENTATION_COMMENTS = YES;
				CLANG_WARN_EMPTY_BODY = YES;
				CLANG_WARN_ENUM_CONVERSION = YES;
				CLANG_WARN_INFINITE_RECURSION = YES;
				CLANG_WARN_INT_CONVERSION = YES;
				CLANG_WARN_NON_LITERAL_NULL_CONVERSION = YES;
				CLANG_WARN_OBJC_IMPLICIT_RETAIN_SELF = YES;
				CLANG_WARN_OBJC_LITERAL_CONVERSION = YES;
				CLANG_WARN_OBJC_ROOT_CLASS = YES_ERROR;
				CLANG_WARN_QUOTED_INCLUDE_IN_FRAMEWORK_HEADER = YES;
				CLANG_WARN_RANGE_LOOP_ANALYSIS = YES;
				CLANG_WARN_STRICT_PROTOTYPES = YES;
				CLANG_WARN_SUSPICIOUS_MOVE = YES;
				CLANG_WARN_UNGUARDED_AVAILABILITY = YES_AGGRESSIVE;
				CLANG_WARN_UNREACHABLE_CODE = YES;
				CLANG_WARN__DUPLICATE_METHOD_MATCH = YES;
				COPY_PHASE_STRIP = NO;
				DEBUG_INFORMATION_FORMAT = "dwarf-with-dsym";
				ENABLE_NS_ASSERTIONS = NO;
				ENABLE_STRICT_OBJC_MSGSEND = YES;
				GCC_C_LANGUAGE_STANDARD = gnu11;
				GCC_NO_COMMON_BLOCKS = YES;
				GCC_WARN_64_TO_32_BIT_CONVERSION = YES;
				GCC_WARN_ABOUT_RETURN_TYPE = YES_ERROR;
				GCC_WARN_UNDECLARED_SELECTOR = YES;
				GCC_WARN_UNINITIALIZED_AUTOS = YES_AGGRESSIVE;
				GCC_WARN_UNUSED_FUNCTION = YES;
				GCC_WARN_UNUSED_VARIABLE = YES;
				IPHONEOS_DEPLOYMENT_TARGET = 16.4;
				MTL_ENABLE_DEBUG_INFO = NO;
				MTL_FAST_MATH = YES;
				SDKROOT = iphoneos;
				SWIFT_COMPILATION_MODE = wholemodule;
				SWIFT_OPTIMIZATION_LEVEL = "-O";
				VALIDATE_PRODUCT = YES;
			};
			name = Release;
		};
		8A38D65B2A9FF873003FB5DA /* Debug */ = {
			isa = XCBuildConfiguration;
			baseConfigurationReference = B590DFCCD614A5925A017F66 /* Pods-RM Client.debug.xcconfig */;
			buildSettings = {
				ASSETCATALOG_COMPILER_APPICON_NAME = AppIcon;
				ASSETCATALOG_COMPILER_GLOBAL_ACCENT_COLOR_NAME = AccentColor;
				CODE_SIGN_STYLE = Automatic;
				CURRENT_PROJECT_VERSION = 1;
				DEVELOPMENT_TEAM = U579RMQ3VY;
				GENERATE_INFOPLIST_FILE = YES;
				INFOPLIST_FILE = "RM Client/Info.plist";
				INFOPLIST_KEY_UIApplicationSupportsIndirectInputEvents = YES;
				INFOPLIST_KEY_UILaunchStoryboardName = LaunchScreen;
				INFOPLIST_KEY_UISupportedInterfaceOrientations_iPad = "UIInterfaceOrientationPortrait UIInterfaceOrientationPortraitUpsideDown UIInterfaceOrientationLandscapeLeft UIInterfaceOrientationLandscapeRight";
				INFOPLIST_KEY_UISupportedInterfaceOrientations_iPhone = "UIInterfaceOrientationPortrait UIInterfaceOrientationLandscapeLeft UIInterfaceOrientationLandscapeRight";
				LD_RUNPATH_SEARCH_PATHS = (
					"$(inherited)",
					"@executable_path/Frameworks",
				);
				MARKETING_VERSION = 1.0;
				PRODUCT_BUNDLE_IDENTIFIER = "com.yazantarifi.RM-Client";
				PRODUCT_NAME = "$(TARGET_NAME)";
				SUPPORTED_PLATFORMS = "iphoneos iphonesimulator";
				SUPPORTS_MACCATALYST = NO;
				SUPPORTS_MAC_DESIGNED_FOR_IPHONE_IPAD = NO;
				SWIFT_EMIT_LOC_STRINGS = YES;
				SWIFT_VERSION = 5.0;
				TARGETED_DEVICE_FAMILY = "1,2";
			};
			name = Debug;
		};
		8A38D65C2A9FF873003FB5DA /* Release */ = {
			isa = XCBuildConfiguration;
			baseConfigurationReference = 494733B772F481E9BFB9C131 /* Pods-RM Client.release.xcconfig */;
			buildSettings = {
				ASSETCATALOG_COMPILER_APPICON_NAME = AppIcon;
				ASSETCATALOG_COMPILER_GLOBAL_ACCENT_COLOR_NAME = AccentColor;
				CODE_SIGN_STYLE = Automatic;
				CURRENT_PROJECT_VERSION = 1;
				DEVELOPMENT_TEAM = U579RMQ3VY;
				GENERATE_INFOPLIST_FILE = YES;
				INFOPLIST_FILE = "RM Client/Info.plist";
				INFOPLIST_KEY_UIApplicationSupportsIndirectInputEvents = YES;
				INFOPLIST_KEY_UILaunchStoryboardName = LaunchScreen;
				INFOPLIST_KEY_UISupportedInterfaceOrientations_iPad = "UIInterfaceOrientationPortrait UIInterfaceOrientationPortraitUpsideDown UIInterfaceOrientationLandscapeLeft UIInterfaceOrientationLandscapeRight";
				INFOPLIST_KEY_UISupportedInterfaceOrientations_iPhone = "UIInterfaceOrientationPortrait UIInterfaceOrientationLandscapeLeft UIInterfaceOrientationLandscapeRight";
				LD_RUNPATH_SEARCH_PATHS = (
					"$(inherited)",
					"@executable_path/Frameworks",
				);
				MARKETING_VERSION = 1.0;
				PRODUCT_BUNDLE_IDENTIFIER = "com.yazantarifi.RM-Client";
				PRODUCT_NAME = "$(TARGET_NAME)";
				SUPPORTED_PLATFORMS = "iphoneos iphonesimulator";
				SUPPORTS_MACCATALYST = NO;
				SUPPORTS_MAC_DESIGNED_FOR_IPHONE_IPAD = NO;
				SWIFT_EMIT_LOC_STRINGS = YES;
				SWIFT_VERSION = 5.0;
				TARGETED_DEVICE_FAMILY = "1,2";
			};
			name = Release;
		};
		8A38D65E2A9FF873003FB5DA /* Debug */ = {
			isa = XCBuildConfiguration;
			baseConfigurationReference = 57342F62A4E20AD83F3721B7 /* Pods-RM ClientTests.debug.xcconfig */;
			buildSettings = {
				ALWAYS_EMBED_SWIFT_STANDARD_LIBRARIES = YES;
				BUNDLE_LOADER = "$(TEST_HOST)";
				CODE_SIGN_STYLE = Automatic;
				CURRENT_PROJECT_VERSION = 1;
				DEVELOPMENT_TEAM = U579RMQ3VY;
				GENERATE_INFOPLIST_FILE = YES;
				IPHONEOS_DEPLOYMENT_TARGET = 16.4;
				MARKETING_VERSION = 1.0;
				PRODUCT_BUNDLE_IDENTIFIER = "com.yazantarifi.RM-ClientTests";
				PRODUCT_NAME = "$(TARGET_NAME)";
				SWIFT_EMIT_LOC_STRINGS = NO;
				SWIFT_VERSION = 5.0;
				TARGETED_DEVICE_FAMILY = "1,2";
				TEST_HOST = "$(BUILT_PRODUCTS_DIR)/RM Client.app/$(BUNDLE_EXECUTABLE_FOLDER_PATH)/RM Client";
			};
			name = Debug;
		};
		8A38D65F2A9FF873003FB5DA /* Release */ = {
			isa = XCBuildConfiguration;
			baseConfigurationReference = 3A7C349979F29E9B6279CA0F /* Pods-RM ClientTests.release.xcconfig */;
			buildSettings = {
				ALWAYS_EMBED_SWIFT_STANDARD_LIBRARIES = YES;
				BUNDLE_LOADER = "$(TEST_HOST)";
				CODE_SIGN_STYLE = Automatic;
				CURRENT_PROJECT_VERSION = 1;
				DEVELOPMENT_TEAM = U579RMQ3VY;
				GENERATE_INFOPLIST_FILE = YES;
				IPHONEOS_DEPLOYMENT_TARGET = 16.4;
				MARKETING_VERSION = 1.0;
				PRODUCT_BUNDLE_IDENTIFIER = "com.yazantarifi.RM-ClientTests";
				PRODUCT_NAME = "$(TARGET_NAME)";
				SWIFT_EMIT_LOC_STRINGS = NO;
				SWIFT_VERSION = 5.0;
				TARGETED_DEVICE_FAMILY = "1,2";
				TEST_HOST = "$(BUILT_PRODUCTS_DIR)/RM Client.app/$(BUNDLE_EXECUTABLE_FOLDER_PATH)/RM Client";
			};
			name = Release;
		};
		8A38D6612A9FF873003FB5DA /* Debug */ = {
			isa = XCBuildConfiguration;
			baseConfigurationReference = 121E1A96A513A335CB809941 /* Pods-RM Client-RM ClientUITests.debug.xcconfig */;
			buildSettings = {
				ALWAYS_EMBED_SWIFT_STANDARD_LIBRARIES = YES;
				CODE_SIGN_STYLE = Automatic;
				CURRENT_PROJECT_VERSION = 1;
				DEVELOPMENT_TEAM = U579RMQ3VY;
				GENERATE_INFOPLIST_FILE = YES;
				MARKETING_VERSION = 1.0;
				PRODUCT_BUNDLE_IDENTIFIER = "com.yazantarifi.RM-ClientUITests";
				PRODUCT_NAME = "$(TARGET_NAME)";
				SWIFT_EMIT_LOC_STRINGS = NO;
				SWIFT_VERSION = 5.0;
				TARGETED_DEVICE_FAMILY = "1,2";
				TEST_TARGET_NAME = "RM Client";
			};
			name = Debug;
		};
		8A38D6622A9FF873003FB5DA /* Release */ = {
			isa = XCBuildConfiguration;
			baseConfigurationReference = 1258EDD5E45D547C5B22CDD2 /* Pods-RM Client-RM ClientUITests.release.xcconfig */;
			buildSettings = {
				ALWAYS_EMBED_SWIFT_STANDARD_LIBRARIES = YES;
				CODE_SIGN_STYLE = Automatic;
				CURRENT_PROJECT_VERSION = 1;
				DEVELOPMENT_TEAM = U579RMQ3VY;
				GENERATE_INFOPLIST_FILE = YES;
				MARKETING_VERSION = 1.0;
				PRODUCT_BUNDLE_IDENTIFIER = "com.yazantarifi.RM-ClientUITests";
				PRODUCT_NAME = "$(TARGET_NAME)";
				SWIFT_EMIT_LOC_STRINGS = NO;
				SWIFT_VERSION = 5.0;
				TARGETED_DEVICE_FAMILY = "1,2";
				TEST_TARGET_NAME = "RM Client";
			};
			name = Release;
		};
/* End XCBuildConfiguration section */

/* Begin XCConfigurationList section */
		8A38D62B2A9FF870003FB5DA /* Build configuration list for PBXProject "RM Client" */ = {
			isa = XCConfigurationList;
			buildConfigurations = (
				8A38D6582A9FF873003FB5DA /* Debug */,
				8A38D6592A9FF873003FB5DA /* Release */,
			);
			defaultConfigurationIsVisible = 0;
			defaultConfigurationName = Release;
		};
		8A38D65A2A9FF873003FB5DA /* Build configuration list for PBXNativeTarget "RM Client" */ = {
			isa = XCConfigurationList;
			buildConfigurations = (
				8A38D65B2A9FF873003FB5DA /* Debug */,
				8A38D65C2A9FF873003FB5DA /* Release */,
			);
			defaultConfigurationIsVisible = 0;
			defaultConfigurationName = Release;
		};
		8A38D65D2A9FF873003FB5DA /* Build configuration list for PBXNativeTarget "RM ClientTests" */ = {
			isa = XCConfigurationList;
			buildConfigurations = (
				8A38D65E2A9FF873003FB5DA /* Debug */,
				8A38D65F2A9FF873003FB5DA /* Release */,
			);
			defaultConfigurationIsVisible = 0;
			defaultConfigurationName = Release;
		};
		8A38D6602A9FF873003FB5DA /* Build configuration list for PBXNativeTarget "RM ClientUITests" */ = {
			isa = XCConfigurationList;
			buildConfigurations = (
				8A38D6612A9FF873003FB5DA /* Debug */,
				8A38D6622A9FF873003FB5DA /* Release */,
			);
			defaultConfigurationIsVisible = 0;
			defaultConfigurationName = Release;
		};
/* End XCConfigurationList section */
	};
	rootObject = 8A38D6282A9FF870003FB5DA /* Project object */;
}
