// !$*UTF8*$!
{
	archiveVersion = 1;
	classes = {
	};
	objectVersion = 56;
	objects = {

/* Begin PBXBuildFile section */
		6D6AEE4D700853ED3E4241DC /* Pods_RM_Client.framework in Frameworks */ = {isa = PBXBuildFile; fileRef = 570911696F1459959E228AB6 /* Pods_RM_Client.framework */; };
		71B144E606F2509088BC1A89 /* Pods_RM_Client_RM_ClientUITests.framework in Frameworks */ = {isa = PBXBuildFile; fileRef = 6C21BB944CC559832AB420C8 /* Pods_RM_Client_RM_ClientUITests.framework */; };
		8A0FC35F2A9FFCE400F4B558 /* RmLocalStorage.swift in Sources */ = {isa = PBXBuildFile; fileRef = 8A0FC35E2A9FFCE400F4B558 /* RmLocalStorage.swift */; };
		8A0FC3632A9FFEAF00F4B558 /* RmBaseVC.swift in Sources */ = {isa = PBXBuildFile; fileRef = 8A0FC3622A9FFEAF00F4B558 /* RmBaseVC.swift */; };
		8A0FC3652A9FFFF900F4B558 /* AuthScreenVC.swift in Sources */ = {isa = PBXBuildFile; fileRef = 8A0FC3642A9FFFF900F4B558 /* AuthScreenVC.swift */; };
		8A0FC3672AA004A600F4B558 /* RmThemeUtils.swift in Sources */ = {isa = PBXBuildFile; fileRef = 8A0FC3662AA004A600F4B558 /* RmThemeUtils.swift */; };
		8A0FC3692AA0058B00F4B558 /* OnBoardingScreenVC.swift in Sources */ = {isa = PBXBuildFile; fileRef = 8A0FC3682AA0058B00F4B558 /* OnBoardingScreenVC.swift */; };
		8A0FC36B2AA005FB00F4B558 /* HomeScreenVC.swift in Sources */ = {isa = PBXBuildFile; fileRef = 8A0FC36A2AA005FB00F4B558 /* HomeScreenVC.swift */; };
		8A38D6342A9FF870003FB5DA /* AppDelegate.swift in Sources */ = {isa = PBXBuildFile; fileRef = 8A38D6332A9FF870003FB5DA /* AppDelegate.swift */; };
		8A38D6362A9FF870003FB5DA /* SceneDelegate.swift in Sources */ = {isa = PBXBuildFile; fileRef = 8A38D6352A9FF870003FB5DA /* SceneDelegate.swift */; };
		8A38D6382A9FF870003FB5DA /* SplashScreenVC.swift in Sources */ = {isa = PBXBuildFile; fileRef = 8A38D6372A9FF870003FB5DA /* SplashScreenVC.swift */; };
		8A38D63D2A9FF873003FB5DA /* Assets.xcassets in Resources */ = {isa = PBXBuildFile; fileRef = 8A38D63C2A9FF873003FB5DA /* Assets.xcassets */; };
		8A38D64B2A9FF873003FB5DA /* RM_ClientTests.swift in Sources */ = {isa = PBXBuildFile; fileRef = 8A38D64A2A9FF873003FB5DA /* RM_ClientTests.swift */; };
		8A38D6552A9FF873003FB5DA /* RM_ClientUITests.swift in Sources */ = {isa = PBXBuildFile; fileRef = 8A38D6542A9FF873003FB5DA /* RM_ClientUITests.swift */; };
		8A38D6572A9FF873003FB5DA /* RM_ClientUITestsLaunchTests.swift in Sources */ = {isa = PBXBuildFile; fileRef = 8A38D6562A9FF873003FB5DA /* RM_ClientUITestsLaunchTests.swift */; };
		B86B04827A1A13130C9A1DED /* Pods_RM_ClientTests.framework in Frameworks */ = {isa = PBXBuildFile; fileRef = 15C19FB42DE75FC12B507F33 /* Pods_RM_ClientTests.framework */; };
/* End PBXBuildFile section */

/* Begin PBXContainerItemProxy section */
		8A38D6472A9FF873003FB5DA /* PBXContainerItemProxy */ = {
			isa = PBXContainerItemProxy;
			containerPortal = 8A38D6282A9FF870003FB5DA /* Project object */;
			proxyType = 1;
			remoteGlobalIDString = 8A38D62F2A9FF870003FB5DA;
			remoteInfo = "RM Client";
		};
		8A38D6512A9FF873003FB5DA /* PBXContainerItemProxy */ = {
			isa = PBXContainerItemProxy;
			containerPortal = 8A38D6282A9FF870003FB5DA /* Project object */;
			proxyType = 1;
			remoteGlobalIDString = 8A38D62F2A9FF870003FB5DA;
			remoteInfo = "RM Client";
		};
/* End PBXContainerItemProxy section */

/* Begin PBXFileReference section */
		121E1A96A513A335CB809941 /* Pods-RM Client-RM ClientUITests.debug.xcconfig */ = {isa = PBXFileReference; includeInIndex = 1; lastKnownFileType = text.xcconfig; name = "Pods-RM Client-RM ClientUITests.debug.xcconfig"; path = "Target Support Files/Pods-RM Client-RM ClientUITests/Pods-RM Client-RM ClientUITests.debug.xcconfig"; sourceTree = "<group>"; };
		1258EDD5E45D547C5B22CDD2 /* Pods-RM Client-RM ClientUITests.release.xcconfig */ = {isa = PBXFileReference; includeInIndex = 1; lastKnownFileType = text.xcconfig; name = "Pods-RM Client-RM ClientUITests.release.xcconfig"; path = "Target Support Files/Pods-RM Client-RM ClientUITests/Pods-RM Client-RM ClientUITests.release.xcconfig"; sourceTree = "<group>"; };
		15C19FB42DE75FC12B507F33 /* Pods_RM_ClientTests.framework */ = {isa = PBXFileReference; explicitFileType = wrapper.framework; includeInIndex = 0; path = Pods_RM_ClientTests.framework; sourceTree = BUILT_PRODUCTS_DIR; };
		3A7C349979F29E9B6279CA0F /* Pods-RM ClientTests.release.xcconfig */ = {isa = PBXFileReference; includeInIndex = 1; lastKnownFileType = text.xcconfig; name = "Pods-RM ClientTests.release.xcconfig"; path = "Target Support Files/Pods-RM ClientTests/Pods-RM ClientTests.release.xcconfig"; sourceTree = "<group>"; };
		494733B772F481E9BFB9C131 /* Pods-RM Client.release.xcconfig */ = {isa = PBXFileReference; includeInIndex = 1; lastKnownFileType = text.xcconfig; name = "Pods-RM Client.release.xcconfig"; path = "Target Support Files/Pods-RM Client/Pods-RM Client.release.xcconfig"; sourceTree = "<group>"; };
		570911696F1459959E228AB6 /* Pods_RM_Client.framework */ = {isa = PBXFileReference; explicitFileType = wrapper.framework; includeInIndex = 0; path = Pods_RM_Client.framework; sourceTree = BUILT_PRODUCTS_DIR; };
		57342F62A4E20AD83F3721B7 /* Pods-RM ClientTests.debug.xcconfig */ = {isa = PBXFileReference; includeInIndex = 1; lastKnownFileType = text.xcconfig; name = "Pods-RM ClientTests.debug.xcconfig"; path = "Target Support Files/Pods-RM ClientTests/Pods-RM ClientTests.debug.xcconfig"; sourceTree = "<group>"; };
		6C21BB944CC559832AB420C8 /* Pods_RM_Client_RM_ClientUITests.framework */ = {isa = PBXFileReference; explicitFileType = wrapper.framework; includeInIndex = 0; path = Pods_RM_Client_RM_ClientUITests.framework; sourceTree = BUILT_PRODUCTS_DIR; };
		8A0FC35E2A9FFCE400F4B558 /* RmLocalStorage.swift */ = {isa = PBXFileReference; lastKnownFileType = sourcecode.swift; path = RmLocalStorage.swift; sourceTree = "<group>"; };
		8A0FC3622A9FFEAF00F4B558 /* RmBaseVC.swift */ = {isa = PBXFileReference; lastKnownFileType = sourcecode.swift; path = RmBaseVC.swift; sourceTree = "<group>"; };
		8A0FC3642A9FFFF900F4B558 /* AuthScreenVC.swift */ = {isa = PBXFileReference; lastKnownFileType = sourcecode.swift; path = AuthScreenVC.swift; sourceTree = "<group>"; };
		8A0FC3662AA004A600F4B558 /* RmThemeUtils.swift */ = {isa = PBXFileReference; lastKnownFileType = sourcecode.swift; path = RmThemeUtils.swift; sourceTree = "<group>"; };
		8A0FC3682AA0058B00F4B558 /* OnBoardingScreenVC.swift */ = {isa = PBXFileReference; lastKnownFileType = sourcecode.swift; path = OnBoardingScreenVC.swift; sourceTree = "<group>"; };
		8A0FC36A2AA005FB00F4B558 /* HomeScreenVC.swift */ = {isa = PBXFileReference; lastKnownFileType = sourcecode.swift; path = HomeScreenVC.swift; sourceTree = "<group>"; };
		8A38D6302A9FF870003FB5DA /* RM Client.app */ = {isa = PBXFileReference; explicitFileType = wrapper.application; includeInIndex = 0; path = "RM Client.app"; sourceTree = BUILT_PRODUCTS_DIR; };
		8A38D6332A9FF870003FB5DA /* AppDelegate.swift */ = {isa = PBXFileReference; lastKnownFileType = sourcecode.swift; path = AppDelegate.swift; sourceTree = "<group>"; };
		8A38D6352A9FF870003FB5DA /* SceneDelegate.swift */ = {isa = PBXFileReference; lastKnownFileType = sourcecode.swift; path = SceneDelegate.swift; sourceTree = "<group>"; };
		8A38D6372A9FF870003FB5DA /* SplashScreenVC.swift */ = {isa = PBXFileReference; lastKnownFileType = sourcecode.swift; path = SplashScreenVC.swift; sourceTree = "<group>"; };
		8A38D63C2A9FF873003FB5DA /* Assets.xcassets */ = {isa = PBXFileReference; lastKnownFileType = folder.assetcatalog; path = Assets.xcassets; sourceTree = "<group>"; };
		8A38D6412A9FF873003FB5DA /* Info.plist */ = {isa = PBXFileReference; lastKnownFileType = text.plist.xml; path = Info.plist; sourceTree = "<group>"; };
		8A38D6462A9FF873003FB5DA /* RM ClientTests.xctest */ = {isa = PBXFileReference; explicitFileType = wrapper.cfbundle; includeInIndex = 0; path = "RM ClientTests.xctest"; sourceTree = BUILT_PRODUCTS_DIR; };
		8A38D64A2A9FF873003FB5DA /* RM_ClientTests.swift */ = {isa = PBXFileReference; lastKnownFileType = sourcecode.swift; path = RM_ClientTests.swift; sourceTree = "<group>"; };
		8A38D6502A9FF873003FB5DA /* RM ClientUITests.xctest */ = {isa = PBXFileReference; explicitFileType = wrapper.cfbundle; includeInIndex = 0; path = "RM ClientUITests.xctest"; sourceTree = BUILT_PRODUCTS_DIR; };
		8A38D6542A9FF873003FB5DA /* RM_ClientUITests.swift */ = {isa = PBXFileReference; lastKnownFileType = sourcecode.swift; path = RM_ClientUITests.swift; sourceTree = "<group>"; };
		8A38D6562A9FF873003FB5DA /* RM_ClientUITestsLaunchTests.swift */ = {isa = PBXFileReference; lastKnownFileType = sourcecode.swift; path = RM_ClientUITestsLaunchTests.swift; sourceTree = "<group>"; };
		B590DFCCD614A5925A017F66 /* Pods-RM Client.debug.xcconfig */ = {isa = PBXFileReference; includeInIndex = 1; lastKnownFileType = text.xcconfig; name = "Pods-RM Client.debug.xcconfig"; path = "Target Support Files/Pods-RM Client/Pods-RM Client.debug.xcconfig"; sourceTree = "<group>"; };
/* End PBXFileReference section */

/* Begin PBXFrameworksBuildPhase section */
		8A38D62D2A9FF870003FB5DA /* Frameworks */ = {
			isa = PBXFrameworksBuildPhase;
			buildActionMask = 2147483647;
			files = (
				6D6AEE4D700853ED3E4241DC /* Pods_RM_Client.framework in Frameworks */,
			);
			runOnlyForDeploymentPostprocessing = 0;
		};
		8A38D6432A9FF873003FB5DA /* Frameworks */ = {
			isa = PBXFrameworksBuildPhase;
			buildActionMask = 2147483647;
			files = (
				B86B04827A1A13130C9A1DED /* Pods_RM_ClientTests.framework in Frameworks */,
			);
			runOnlyForDeploymentPostprocessing = 0;
		};
		8A38D64D2A9FF873003FB5DA /* Frameworks */ = {
			isa = PBXFrameworksBuildPhase;
			buildActionMask = 2147483647;
			files = (
				71B144E606F2509088BC1A89 /* Pods_RM_Client_RM_ClientUITests.framework in Frameworks */,
			);
			runOnlyForDeploymentPostprocessing = 0;
		};
/* End PBXFrameworksBuildPhase section */

/* Begin PBXGroup section */
		0ADF6615D7699D85EC52AAC2 /* Pods */ = {
			isa = PBXGroup;
			children = (
				B590DFCCD614A5925A017F66 /* Pods-RM Client.debug.xcconfig */,
				494733B772F481E9BFB9C131 /* Pods-RM Client.release.xcconfig */,
				121E1A96A513A335CB809941 /* Pods-RM Client-RM ClientUITests.debug.xcconfig */,
				1258EDD5E45D547C5B22CDD2 /* Pods-RM Client-RM ClientUITests.release.xcconfig */,
				57342F62A4E20AD83F3721B7 /* Pods-RM ClientTests.debug.xcconfig */,
				3A7C349979F29E9B6279CA0F /* Pods-RM ClientTests.release.xcconfig */,
			);
			path = Pods;
			sourceTree = "<group>";
		};
		6FFB6FCF82EA1F45C8F25FED /* Frameworks */ = {
			isa = PBXGroup;
			children = (
				570911696F1459959E228AB6 /* Pods_RM_Client.framework */,
				6C21BB944CC559832AB420C8 /* Pods_RM_Client_RM_ClientUITests.framework */,
				15C19FB42DE75FC12B507F33 /* Pods_RM_ClientTests.framework */,
			);
			name = Frameworks;
			sourceTree = "<group>";
		};
		8A0FC3562A9FFC7600F4B558 /* Utils */ = {
			isa = PBXGroup;
			children = (
				8A0FC35E2A9FFCE400F4B558 /* RmLocalStorage.swift */,
				8A0FC3662AA004A600F4B558 /* RmThemeUtils.swift */,
			);
			path = Utils;
			sourceTree = "<group>";
		};
		8A0FC3572A9FFC7A00F4B558 /* Features */ = {
			isa = PBXGroup;
			children = (
				8A0FC3602A9FFD9400F4B558 /* OnBoarding */,
				8A0FC35D2A9FFCB600F4B558 /* Auth */,
				8A0FC35C2A9FFCA700F4B558 /* Settings */,
				8A0FC35B2A9FFC9F00F4B558 /* Home */,
			);
			path = Features;
			sourceTree = "<group>";
		};
		8A0FC3582A9FFC8100F4B558 /* Services */ = {
			isa = PBXGroup;
			children = (
			);
			path = Services;
			sourceTree = "<group>";
		};
		8A0FC3592A9FFC8800F4B558 /* UseCases */ = {
			isa = PBXGroup;
			children = (
			);
			path = UseCases;
			sourceTree = "<group>";
		};
		8A0FC35A2A9FFC9200F4B558 /* Views */ = {
			isa = PBXGroup;
			children = (
			);
			path = Views;
			sourceTree = "<group>";
		};
		8A0FC35B2A9FFC9F00F4B558 /* Home */ = {
			isa = PBXGroup;
			children = (
				8A0FC36A2AA005FB00F4B558 /* HomeScreenVC.swift */,
			);
			path = Home;
			sourceTree = "<group>";
		};
		8A0FC35C2A9FFCA700F4B558 /* Settings */ = {
			isa = PBXGroup;
			children = (
			);
			path = Settings;
			sourceTree = "<group>";
		};
		8A0FC35D2A9FFCB600F4B558 /* Auth */ = {
			isa = PBXGroup;
			children = (
				8A0FC3642A9FFFF900F4B558 /* AuthScreenVC.swift */,
			);
			path = Auth;
			sourceTree = "<group>";
		};
		8A0FC3602A9FFD9400F4B558 /* OnBoarding */ = {
			isa = PBXGroup;
			children = (
				8A0FC3682AA0058B00F4B558 /* OnBoardingScreenVC.swift */,
			);
			path = OnBoarding;
			sourceTree = "<group>";
		};
		8A0FC3612A9FFEA100F4B558 /* Core */ = {
			isa = PBXGroup;
			children = (
				8A0FC3622A9FFEAF00F4B558 /* RmBaseVC.swift */,
			);
			path = Core;
			sourceTree = "<group>";
		};
		8A38D6272A9FF870003FB5DA = {
			isa = PBXGroup;
			children = (
				8A38D6322A9FF870003FB5DA /* RM Client */,
				8A38D6492A9FF873003FB5DA /* RM ClientTests */,
				8A38D6532A9FF873003FB5DA /* RM ClientUITests */,
				8A38D6312A9FF870003FB5DA /* Products */,
				0ADF6615D7699D85EC52AAC2 /* Pods */,
				6FFB6FCF82EA1F45C8F25FED /* Frameworks */,
			);
			sourceTree = "<group>";
		};
		8A38D6312A9FF870003FB5DA /* Products */ = {
			isa = PBXGroup;
			children = (
				8A38D6302A9FF870003FB5DA /* RM Client.app */,
				8A38D6462A9FF873003FB5DA /* RM ClientTests.xctest */,
				8A38D6502A9FF873003FB5DA /* RM ClientUITests.xctest */,
			);
			name = Products;
			sourceTree = "<group>";
		};
		8A38D6322A9FF870003FB5DA /* RM Client */ = {
			isa = PBXGroup;
			children = (
				8A0FC3612A9FFEA100F4B558 /* Core */,
				8A0FC35A2A9FFC9200F4B558 /* Views */,
				8A0FC3592A9FFC8800F4B558 /* UseCases */,
				8A0FC3582A9FFC8100F4B558 /* Services */,
				8A0FC3572A9FFC7A00F4B558 /* Features */,
				8A0FC3562A9FFC7600F4B558 /* Utils */,
				8A38D6332A9FF870003FB5DA /* AppDelegate.swift */,
				8A38D6352A9FF870003FB5DA /* SceneDelegate.swift */,
				8A38D6372A9FF870003FB5DA /* SplashScreenVC.swift */,
				8A38D63C2A9FF873003FB5DA /* Assets.xcassets */,
				8A38D6412A9FF873003FB5DA /* Info.plist */,
			);
			path = "RM Client";
			sourceTree = "<group>";
		};
		8A38D6492A9FF873003FB5DA /* RM ClientTests */ = {
			isa = PBXGroup;
			children = (
				8A38D64A2A9FF873003FB5DA /* RM_ClientTests.swift */,
			);
			path = "RM ClientTests";
			sourceTree = "<group>";
		};
		8A38D6532A9FF873003FB5DA /* RM ClientUITests */ = {
			isa = PBXGroup;
			children = (
				8A38D6542A9FF873003FB5DA /* RM_ClientUITests.swift */,
				8A38D6562A9FF873003FB5DA /* RM_ClientUITestsLaunchTests.swift */,
			);
			path = "RM ClientUITests";
			sourceTree = "<group>";
		};
/* End PBXGroup section */

/* Begin PBXNativeTarget section */
		8A38D62F2A9FF870003FB5DA /* RM Client */ = {
			isa = PBXNativeTarget;
			buildConfigurationList = 8A38D65A2A9FF873003FB5DA /* Build configuration list for PBXNativeTarget "RM Client" */;
			buildPhases = (
				E291FDF1D7A50F093CD6F2BA /* [CP] Check Pods Manifest.lock */,
				8A38D62C2A9FF870003FB5DA /* Sources */,
				8A38D62D2A9FF870003FB5DA /* Frameworks */,
				8A38D62E2A9FF870003FB5DA /* Resources */,
				10202DAED9F583957184FEBF /* [CP] Embed Pods Frameworks */,
			);
			buildRules = (
			);
			dependencies = (
			);
			name = "RM Client";
			productName = "RM Client";
			productReference = 8A38D6302A9FF870003FB5DA /* RM Client.app */;
			productType = "com.apple.product-type.application";
		};
		8A38D6452A9FF873003FB5DA /* RM ClientTests */ = {
			isa = PBXNativeTarget;
			buildConfigurationList = 8A38D65D2A9FF873003FB5DA /* Build configuration list for PBXNativeTarget "RM ClientTests" */;
			buildPhases = (
				03827A0CD8F82B47769CAC59 /* [CP] Check Pods Manifest.lock */,
				8A38D6422A9FF873003FB5DA /* Sources */,
				8A38D6432A9FF873003FB5DA /* Frameworks */,
				8A38D6442A9FF873003FB5DA /* Resources */,
			);
			buildRules = (
			);
			dependencies = (
				8A38D6482A9FF873003FB5DA /* PBXTargetDependency */,
			);
			name = "RM ClientTests";
			productName = "RM ClientTests";
			productReference = 8A38D6462A9FF873003FB5DA /* RM ClientTests.xctest */;
			productType = "com.apple.product-type.bundle.unit-test";
		};
		8A38D64F2A9FF873003FB5DA /* RM ClientUITests */ = {
			isa = PBXNativeTarget;
			buildConfigurationList = 8A38D6602A9FF873003FB5DA /* Build configuration list for PBXNativeTarget "RM ClientUITests" */;
			buildPhases = (
				7BF7DA154DA47CA0998C9870 /* [CP] Check Pods Manifest.lock */,
				8A38D64C2A9FF873003FB5DA /* Sources */,
				8A38D64D2A9FF873003FB5DA /* Frameworks */,
				8A38D64E2A9FF873003FB5DA /* Resources */,
				E9DF6F0FE13199FC0A2A6499 /* [CP] Embed Pods Frameworks */,
			);
			buildRules = (
			);
			dependencies = (
				8A38D6522A9FF873003FB5DA /* PBXTargetDependency */,
			);
			name = "RM ClientUITests";
			productName = "RM ClientUITests";
			productReference = 8A38D6502A9FF873003FB5DA /* RM ClientUITests.xctest */;
			productType = "com.apple.product-type.bundle.ui-testing";
		};
/* End PBXNativeTarget section */

/* Begin PBXProject section */
		8A38D6282A9FF870003FB5DA /* Project object */ = {
			isa = PBXProject;
			attributes = {
				BuildIndependentTargetsInParallel = 1;
				LastSwiftUpdateCheck = 1430;
				LastUpgradeCheck = 1430;
				TargetAttributes = {
					8A38D62F2A9FF870003FB5DA = {
						CreatedOnToolsVersion = 14.3.1;
					};
					8A38D6452A9FF873003FB5DA = {
						CreatedOnToolsVersion = 14.3.1;
						TestTargetID = 8A38D62F2A9FF870003FB5DA;
					};
					8A38D64F2A9FF873003FB5DA = {
						CreatedOnToolsVersion = 14.3.1;
						TestTargetID = 8A38D62F2A9FF870003FB5DA;
					};
				};
			};
			buildConfigurationList = 8A38D62B2A9FF870003FB5DA /* Build configuration list for PBXProject "RM Client" */;
			compatibilityVersion = "Xcode 14.0";
			developmentRegion = en;
			hasScannedForEncodings = 0;
			knownRegions = (
				en,
				Base,
			);
			mainGroup = 8A38D6272A9FF870003FB5DA;
			productRefGroup = 8A38D6312A9FF870003FB5DA /* Products */;
			projectDirPath = "";
			projectRoot = "";
			targets = (
				8A38D62F2A9FF870003FB5DA /* RM Client */,
				8A38D6452A9FF873003FB5DA /* RM ClientTests */,
				8A38D64F2A9FF873003FB5DA /* RM ClientUITests */,
			);
		};
/* End PBXProject section */

/* Begin PBXResourcesBuildPhase section */
		8A38D62E2A9FF870003FB5DA /* Resources */ = {
			isa = PBXResourcesBuildPhase;
			buildActionMask = 2147483647;
			files = (
				8A38D63D2A9FF873003FB5DA /* Assets.xcassets in Resources */,
			);
			runOnlyForDeploymentPostprocessing = 0;
		};
		8A38D6442A9FF873003FB5DA /* Resources */ = {
			isa = PBXResourcesBuildPhase;
			buildActionMask = 2147483647;
			files = (
			);
			runOnlyForDeploymentPostprocessing = 0;
		};
		8A38D64E2A9FF873003FB5DA /* Resources */ = {
			isa = PBXResourcesBuildPhase;
			buildActionMask = 2147483647;
			files = (
			);
			runOnlyForDeploymentPostprocessing = 0;
		};
/* End PBXResourcesBuildPhase section */

/* Begin PBXShellScriptBuildPhase section */
		03827A0CD8F82B47769CAC59 /* [CP] Check Pods Manifest.lock */ = {
			isa = PBXShellScriptBuildPhase;
			buildActionMask = 2147483647;
			files = (
			);
			inputFileListPaths = (
			);
			inputPaths = (
				"${PODS_PODFILE_DIR_PATH}/Podfile.lock",
				"${PODS_ROOT}/Manifest.lock",
			);
			name = "[CP] Check Pods Manifest.lock";
			outputFileListPaths = (
			);
			outputPaths = (
				"$(DERIVED_FILE_DIR)/Pods-RM ClientTests-checkManifestLockResult.txt",
			);
			runOnlyForDeploymentPostprocessing = 0;
			shellPath = /bin/sh;
			shellScript = "diff \"${PODS_PODFILE_DIR_PATH}/Podfile.lock\" \"${PODS_ROOT}/Manifest.lock\" > /dev/null\nif [ $? != 0 ] ; then\n    # print error to STDERR\n    echo \"error: The sandbox is not in sync with the Podfile.lock. Run 'pod install' or update your CocoaPods installation.\" >&2\n    exit 1\nfi\n# This output is used by Xcode 'outputs' to avoid re-running this script phase.\necho \"SUCCESS\" > \"${SCRIPT_OUTPUT_FILE_0}\"\n";
			showEnvVarsInLog = 0;
		};
		10202DAED9F583957184FEBF /* [CP] Embed Pods Frameworks */ = {
			isa = PBXShellScriptBuildPhase;
			buildActionMask = 2147483647;
			files = (
			);
			inputFileListPaths = (
				"${PODS_ROOT}/Target Support Files/Pods-RM Client/Pods-RM Client-frameworks-${CONFIGURATION}-input-files.xcfilelist",
			);
			name = "[CP] Embed Pods Frameworks";
			outputFileListPaths = (
				"${PODS_ROOT}/Target Support Files/Pods-RM Client/Pods-RM Client-frameworks-${CONFIGURATION}-output-files.xcfilelist",
			);
			runOnlyForDeploymentPostprocessing = 0;
			shellPath = /bin/sh;
			shellScript = "\"${PODS_ROOT}/Target Support Files/Pods-RM Client/Pods-RM Client-frameworks.sh\"\n";
			showEnvVarsInLog = 0;
		};
		7BF7DA154DA47CA0998C9870 /* [CP] Check Pods Manifest.lock */ = {
			isa = PBXShellScriptBuildPhase;
			buildActionMask = 2147483647;
			files = (
			);
			inputFileListPaths = (
			);
			inputPaths = (
				"${PODS_PODFILE_DIR_PATH}/Podfile.lock",
				"${PODS_ROOT}/Manifest.lock",
			);
			name = "[CP] Check Pods Manifest.lock";
			outputFileListPaths = (
			);
			outputPaths = (
				"$(DERIVED_FILE_DIR)/Pods-RM Client-RM ClientUITests-checkManifestLockResult.txt",
			);
			runOnlyForDeploymentPostprocessing = 0;
			shellPath = /bin/sh;
			shellScript = "diff \"${PODS_PODFILE_DIR_PATH}/Podfile.lock\" \"${PODS_ROOT}/Manifest.lock\" > /dev/null\nif [ $? != 0 ] ; then\n    # print error to STDERR\n    echo \"error: The sandbox is not in sync with the Podfile.lock. Run 'pod install' or update your CocoaPods installation.\" >&2\n    exit 1\nfi\n# This output is used by Xcode 'outputs' to avoid re-running this script phase.\necho \"SUCCESS\" > \"${SCRIPT_OUTPUT_FILE_0}\"\n";
			showEnvVarsInLog = 0;
		};
		E291FDF1D7A50F093CD6F2BA /* [CP] Check Pods Manifest.lock */ = {
			isa = PBXShellScriptBuildPhase;
			buildActionMask = 2147483647;
			files = (
			);
			inputFileListPaths = (
			);
			inputPaths = (
				"${PODS_PODFILE_DIR_PATH}/Podfile.lock",
				"${PODS_ROOT}/Manifest.lock",
			);
			name = "[CP] Check Pods Manifest.lock";
			outputFileListPaths = (
			);
			outputPaths = (
				"$(DERIVED_FILE_DIR)/Pods-RM Client-checkManifestLockResult.txt",
			);
			runOnlyForDeploymentPostprocessing = 0;
			shellPath = /bin/sh;
			shellScript = "diff \"${PODS_PODFILE_DIR_PATH}/Podfile.lock\" \"${PODS_ROOT}/Manifest.lock\" > /dev/null\nif [ $? != 0 ] ; then\n    # print error to STDERR\n    echo \"error: The sandbox is not in sync with the Podfile.lock. Run 'pod install' or update your CocoaPods installation.\" >&2\n    exit 1\nfi\n# This output is used by Xcode 'outputs' to avoid re-running this script phase.\necho \"SUCCESS\" > \"${SCRIPT_OUTPUT_FILE_0}\"\n";
			showEnvVarsInLog = 0;
		};
		E9DF6F0FE13199FC0A2A6499 /* [CP] Embed Pods Frameworks */ = {
			isa = PBXShellScriptBuildPhase;
			buildActionMask = 2147483647;
			files = (
			);
			inputFileListPaths = (
				"${PODS_ROOT}/Target Support Files/Pods-RM Client-RM ClientUITests/Pods-RM Client-RM ClientUITests-frameworks-${CONFIGURATION}-input-files.xcfilelist",
			);
			name = "[CP] Embed Pods Frameworks";
			outputFileListPaths = (
				"${PODS_ROOT}/Target Support Files/Pods-RM Client-RM ClientUITests/Pods-RM Client-RM ClientUITests-frameworks-${CONFIGURATION}-output-files.xcfilelist",
			);
			runOnlyForDeploymentPostprocessing = 0;
			shellPath = /bin/sh;
			shellScript = "\"${PODS_ROOT}/Target Support Files/Pods-RM Client-RM ClientUITests/Pods-RM Client-RM ClientUITests-frameworks.sh\"\n";
			showEnvVarsInLog = 0;
		};
/* End PBXShellScriptBuildPhase section */

/* Begin PBXSourcesBuildPhase section */
		8A38D62C2A9FF870003FB5DA /* Sources */ = {
			isa = PBXSourcesBuildPhase;
			buildActionMask = 2147483647;
			files = (
				8A38D6382A9FF870003FB5DA /* SplashScreenVC.swift in Sources */,
				8A38D6342A9FF870003FB5DA /* AppDelegate.swift in Sources */,
				8A0FC3652A9FFFF900F4B558 /* AuthScreenVC.swift in Sources */,
				8A0FC35F2A9FFCE400F4B558 /* RmLocalStorage.swift in Sources */,
				8A0FC3672AA004A600F4B558 /* RmThemeUtils.swift in Sources */,
				8A0FC3632A9FFEAF00F4B558 /* RmBaseVC.swift in Sources */,
				8A38D6362A9FF870003FB5DA /* SceneDelegate.swift in Sources */,
				8A0FC3692AA0058B00F4B558 /* OnBoardingScreenVC.swift in Sources */,
				8A0FC36B2AA005FB00F4B558 /* HomeScreenVC.swift in Sources */,
			);
			runOnlyForDeploymentPostprocessing = 0;
		};
		8A38D6422A9FF873003FB5DA /* Sources */ = {
			isa = PBXSourcesBuildPhase;
			buildActionMask = 2147483647;
			files = (
				8A38D64B2A9FF873003FB5DA /* RM_ClientTests.swift in Sources */,
			);
			runOnlyForDeploymentPostprocessing = 0;
		};
		8A38D64C2A9FF873003FB5DA /* Sources */ = {
			isa = PBXSourcesBuildPhase;
			buildActionMask = 2147483647;
			files = (
				8A38D6572A9FF873003FB5DA /* RM_ClientUITestsLaunchTests.swift in Sources */,
				8A38D6552A9FF873003FB5DA /* RM_ClientUITests.swift in Sources */,
			);
			runOnlyForDeploymentPostprocessing = 0;
		};
/* End PBXSourcesBuildPhase section */

/* Begin PBXTargetDependency section */
		8A38D6482A9FF873003FB5DA /* PBXTargetDependency */ = {
			isa = PBXTargetDependency;
			target = 8A38D62F2A9FF870003FB5DA /* RM Client */;
			targetProxy = 8A38D6472A9FF873003FB5DA /* PBXContainerItemProxy */;
		};
		8A38D6522A9FF873003FB5DA /* PBXTargetDependency */ = {
			isa = PBXTargetDependency;
			target = 8A38D62F2A9FF870003FB5DA /* RM Client */;
			targetProxy = 8A38D6512A9FF873003FB5DA /* PBXContainerItemProxy */;
		};
/* End PBXTargetDependency section */

/* Begin XCBuildConfiguration section */
		8A38D6582A9FF873003FB5DA /* Debug */ = {
			isa = XCBuildConfiguration;
			buildSettings = {
				ALWAYS_SEARCH_USER_PATHS = NO;
				CLANG_ANALYZER_NONNULL = YES;
				CLANG_ANALYZER_NUMBER_OBJECT_CONVERSION = YES_AGGRESSIVE;
				CLANG_CXX_LANGUAGE_STANDARD = "gnu++20";
				CLANG_ENABLE_MODULES = YES;
				CLANG_ENABLE_OBJC_ARC = YES;
				CLANG_ENABLE_OBJC_WEAK = YES;
				CLANG_WARN_BLOCK_CAPTURE_AUTORELEASING = YES;
				CLANG_WARN_BOOL_CONVERSION = YES;
				CLANG_WARN_COMMA = YES;
				CLANG_WARN_CONSTANT_CONVERSION = YES;
				CLANG_WARN_DEPRECATED_OBJC_IMPLEMENTATIONS = YES;
				CLANG_WARN_DIRECT_OBJC_ISA_USAGE = YES_ERROR;
				CLANG_WARN_DOCUMENTATION_COMMENTS = YES;
				CLANG_WARN_EMPTY_BODY = YES;
				CLANG_WARN_ENUM_CONVERSION = YES;
				CLANG_WARN_INFINITE_RECURSION = YES;
				CLANG_WARN_INT_CONVERSION = YES;
				CLANG_WARN_NON_LITERAL_NULL_CONVERSION = YES;
				CLANG_WARN_OBJC_IMPLICIT_RETAIN_SELF = YES;
				CLANG_WARN_OBJC_LITERAL_CONVERSION = YES;
				CLANG_WARN_OBJC_ROOT_CLASS = YES_ERROR;
				CLANG_WARN_QUOTED_INCLUDE_IN_FRAMEWORK_HEADER = YES;
				CLANG_WARN_RANGE_LOOP_ANALYSIS = YES;
				CLANG_WARN_STRICT_PROTOTYPES = YES;
				CLANG_WARN_SUSPICIOUS_MOVE = YES;
				CLANG_WARN_UNGUARDED_AVAILABILITY = YES_AGGRESSIVE;
				CLANG_WARN_UNREACHABLE_CODE = YES;
				CLANG_WARN__DUPLICATE_METHOD_MATCH = YES;
				COPY_PHASE_STRIP = NO;
				DEBUG_INFORMATION_FORMAT = dwarf;
				ENABLE_STRICT_OBJC_MSGSEND = YES;
				ENABLE_TESTABILITY = YES;
				GCC_C_LANGUAGE_STANDARD = gnu11;
				GCC_DYNAMIC_NO_PIC = NO;
				GCC_NO_COMMON_BLOCKS = YES;
				GCC_OPTIMIZATION_LEVEL = 0;
				GCC_PREPROCESSOR_DEFINITIONS = (
					"DEBUG=1",
					"$(inherited)",
				);
				GCC_WARN_64_TO_32_BIT_CONVERSION = YES;
				GCC_WARN_ABOUT_RETURN_TYPE = YES_ERROR;
				GCC_WARN_UNDECLARED_SELECTOR = YES;
				GCC_WARN_UNINITIALIZED_AUTOS = YES_AGGRESSIVE;
				GCC_WARN_UNUSED_FUNCTION = YES;
				GCC_WARN_UNUSED_VARIABLE = YES;
				IPHONEOS_DEPLOYMENT_TARGET = 16.4;
				MTL_ENABLE_DEBUG_INFO = INCLUDE_SOURCE;
				MTL_FAST_MATH = YES;
				ONLY_ACTIVE_ARCH = YES;
				SDKROOT = iphoneos;
				SWIFT_ACTIVE_COMPILATION_CONDITIONS = DEBUG;
				SWIFT_OPTIMIZATION_LEVEL = "-Onone";
			};
			name = Debug;
		};
		8A38D6592A9FF873003FB5DA /* Release */ = {
			isa = XCBuildConfiguration;
			buildSettings = {
				ALWAYS_SEARCH_USER_PATHS = NO;
				CLANG_ANALYZER_NONNULL = YES;
				CLANG_ANALYZER_NUMBER_OBJECT_CONVERSION = YES_AGGRESSIVE;
				CLANG_CXX_LANGUAGE_STANDARD = "gnu++20";
				CLANG_ENABLE_MODULES = YES;
				CLANG_ENABLE_OBJC_ARC = YES;
				CLANG_ENABLE_OBJC_WEAK = YES;
				CLANG_WARN_BLOCK_CAPTURE_AUTORELEASING = YES;
				CLANG_WARN_BOOL_CONVERSION = YES;
				CLANG_WARN_COMMA = YES;
				CLANG_WARN_CONSTANT_CONVERSION = YES;
				CLANG_WARN_DEPRECATED_OBJC_IMPLEMENTATIONS = YES;
				CLANG_WARN_DIRECT_OBJC_ISA_USAGE = YES_ERROR;
				CLANG_WARN_DOCUMENTATION_COMMENTS = YES;
				CLANG_WARN_EMPTY_BODY = YES;
				CLANG_WARN_ENUM_CONVERSION = YES;
				CLANG_WARN_INFINITE_RECURSION = YES;
				CLANG_WARN_INT_CONVERSION = YES;
				CLANG_WARN_NON_LITERAL_NULL_CONVERSION = YES;
				CLANG_WARN_OBJC_IMPLICIT_RETAIN_SELF = YES;
				CLANG_WARN_OBJC_LITERAL_CONVERSION = YES;
				CLANG_WARN_OBJC_ROOT_CLASS = YES_ERROR;
				CLANG_WARN_QUOTED_INCLUDE_IN_FRAMEWORK_HEADER = YES;
				CLANG_WARN_RANGE_LOOP_ANALYSIS = YES;
				CLANG_WARN_STRICT_PROTOTYPES = YES;
				CLANG_WARN_SUSPICIOUS_MOVE = YES;
				CLANG_WARN_UNGUARDED_AVAILABILITY = YES_AGGRESSIVE;
				CLANG_WARN_UNREACHABLE_CODE = YES;
				CLANG_WARN__DUPLICATE_METHOD_MATCH = YES;
				COPY_PHASE_STRIP = NO;
				DEBUG_INFORMATION_FORMAT = "dwarf-with-dsym";
				ENABLE_NS_ASSERTIONS = NO;
				ENABLE_STRICT_OBJC_MSGSEND = YES;
				GCC_C_LANGUAGE_STANDARD = gnu11;
				GCC_NO_COMMON_BLOCKS = YES;
				GCC_WARN_64_TO_32_BIT_CONVERSION = YES;
				GCC_WARN_ABOUT_RETURN_TYPE = YES_ERROR;
				GCC_WARN_UNDECLARED_SELECTOR = YES;
				GCC_WARN_UNINITIALIZED_AUTOS = YES_AGGRESSIVE;
				GCC_WARN_UNUSED_FUNCTION = YES;
				GCC_WARN_UNUSED_VARIABLE = YES;
				IPHONEOS_DEPLOYMENT_TARGET = 16.4;
				MTL_ENABLE_DEBUG_INFO = NO;
				MTL_FAST_MATH = YES;
				SDKROOT = iphoneos;
				SWIFT_COMPILATION_MODE = wholemodule;
				SWIFT_OPTIMIZATION_LEVEL = "-O";
				VALIDATE_PRODUCT = YES;
			};
			name = Release;
		};
		8A38D65B2A9FF873003FB5DA /* Debug */ = {
			isa = XCBuildConfiguration;
			baseConfigurationReference = B590DFCCD614A5925A017F66 /* Pods-RM Client.debug.xcconfig */;
			buildSettings = {
				ASSETCATALOG_COMPILER_APPICON_NAME = AppIcon;
				ASSETCATALOG_COMPILER_GLOBAL_ACCENT_COLOR_NAME = AccentColor;
				CODE_SIGN_STYLE = Automatic;
				CURRENT_PROJECT_VERSION = 1;
				DEVELOPMENT_TEAM = U579RMQ3VY;
				GENERATE_INFOPLIST_FILE = YES;
				INFOPLIST_FILE = "RM Client/Info.plist";
				INFOPLIST_KEY_UIApplicationSupportsIndirectInputEvents = YES;
				INFOPLIST_KEY_UILaunchStoryboardName = LaunchScreen;
				INFOPLIST_KEY_UISupportedInterfaceOrientations_iPad = "UIInterfaceOrientationPortrait UIInterfaceOrientationPortraitUpsideDown UIInterfaceOrientationLandscapeLeft UIInterfaceOrientationLandscapeRight";
				INFOPLIST_KEY_UISupportedInterfaceOrientations_iPhone = "UIInterfaceOrientationPortrait UIInterfaceOrientationLandscapeLeft UIInterfaceOrientationLandscapeRight";
				LD_RUNPATH_SEARCH_PATHS = (
					"$(inherited)",
					"@executable_path/Frameworks",
				);
				MARKETING_VERSION = 1.0;
				PRODUCT_BUNDLE_IDENTIFIER = "com.yazantarifi.RM-Client";
				PRODUCT_NAME = "$(TARGET_NAME)";
				SUPPORTED_PLATFORMS = "iphoneos iphonesimulator";
				SUPPORTS_MACCATALYST = NO;
				SUPPORTS_MAC_DESIGNED_FOR_IPHONE_IPAD = NO;
				SWIFT_EMIT_LOC_STRINGS = YES;
				SWIFT_VERSION = 5.0;
				TARGETED_DEVICE_FAMILY = "1,2";
			};
			name = Debug;
		};
		8A38D65C2A9FF873003FB5DA /* Release */ = {
			isa = XCBuildConfiguration;
			baseConfigurationReference = 494733B772F481E9BFB9C131 /* Pods-RM Client.release.xcconfig */;
			buildSettings = {
				ASSETCATALOG_COMPILER_APPICON_NAME = AppIcon;
				ASSETCATALOG_COMPILER_GLOBAL_ACCENT_COLOR_NAME = AccentColor;
				CODE_SIGN_STYLE = Automatic;
				CURRENT_PROJECT_VERSION = 1;
				DEVELOPMENT_TEAM = U579RMQ3VY;
				GENERATE_INFOPLIST_FILE = YES;
				INFOPLIST_FILE = "RM Client/Info.plist";
				INFOPLIST_KEY_UIApplicationSupportsIndirectInputEvents = YES;
				INFOPLIST_KEY_UILaunchStoryboardName = LaunchScreen;
				INFOPLIST_KEY_UISupportedInterfaceOrientations_iPad = "UIInterfaceOrientationPortrait UIInterfaceOrientationPortraitUpsideDown UIInterfaceOrientationLandscapeLeft UIInterfaceOrientationLandscapeRight";
				INFOPLIST_KEY_UISupportedInterfaceOrientations_iPhone = "UIInterfaceOrientationPortrait UIInterfaceOrientationLandscapeLeft UIInterfaceOrientationLandscapeRight";
				LD_RUNPATH_SEARCH_PATHS = (
					"$(inherited)",
					"@executable_path/Frameworks",
				);
				MARKETING_VERSION = 1.0;
				PRODUCT_BUNDLE_IDENTIFIER = "com.yazantarifi.RM-Client";
				PRODUCT_NAME = "$(TARGET_NAME)";
				SUPPORTED_PLATFORMS = "iphoneos iphonesimulator";
				SUPPORTS_MACCATALYST = NO;
				SUPPORTS_MAC_DESIGNED_FOR_IPHONE_IPAD = NO;
				SWIFT_EMIT_LOC_STRINGS = YES;
				SWIFT_VERSION = 5.0;
				TARGETED_DEVICE_FAMILY = "1,2";
			};
			name = Release;
		};
		8A38D65E2A9FF873003FB5DA /* Debug */ = {
			isa = XCBuildConfiguration;
			baseConfigurationReference = 57342F62A4E20AD83F3721B7 /* Pods-RM ClientTests.debug.xcconfig */;
			buildSettings = {
				ALWAYS_EMBED_SWIFT_STANDARD_LIBRARIES = YES;
				BUNDLE_LOADER = "$(TEST_HOST)";
				CODE_SIGN_STYLE = Automatic;
				CURRENT_PROJECT_VERSION = 1;
				DEVELOPMENT_TEAM = U579RMQ3VY;
				GENERATE_INFOPLIST_FILE = YES;
				IPHONEOS_DEPLOYMENT_TARGET = 16.4;
				MARKETING_VERSION = 1.0;
				PRODUCT_BUNDLE_IDENTIFIER = "com.yazantarifi.RM-ClientTests";
				PRODUCT_NAME = "$(TARGET_NAME)";
				SWIFT_EMIT_LOC_STRINGS = NO;
				SWIFT_VERSION = 5.0;
				TARGETED_DEVICE_FAMILY = "1,2";
				TEST_HOST = "$(BUILT_PRODUCTS_DIR)/RM Client.app/$(BUNDLE_EXECUTABLE_FOLDER_PATH)/RM Client";
			};
			name = Debug;
		};
		8A38D65F2A9FF873003FB5DA /* Release */ = {
			isa = XCBuildConfiguration;
			baseConfigurationReference = 3A7C349979F29E9B6279CA0F /* Pods-RM ClientTests.release.xcconfig */;
			buildSettings = {
				ALWAYS_EMBED_SWIFT_STANDARD_LIBRARIES = YES;
				BUNDLE_LOADER = "$(TEST_HOST)";
				CODE_SIGN_STYLE = Automatic;
				CURRENT_PROJECT_VERSION = 1;
				DEVELOPMENT_TEAM = U579RMQ3VY;
				GENERATE_INFOPLIST_FILE = YES;
				IPHONEOS_DEPLOYMENT_TARGET = 16.4;
				MARKETING_VERSION = 1.0;
				PRODUCT_BUNDLE_IDENTIFIER = "com.yazantarifi.RM-ClientTests";
				PRODUCT_NAME = "$(TARGET_NAME)";
				SWIFT_EMIT_LOC_STRINGS = NO;
				SWIFT_VERSION = 5.0;
				TARGETED_DEVICE_FAMILY = "1,2";
				TEST_HOST = "$(BUILT_PRODUCTS_DIR)/RM Client.app/$(BUNDLE_EXECUTABLE_FOLDER_PATH)/RM Client";
			};
			name = Release;
		};
		8A38D6612A9FF873003FB5DA /* Debug */ = {
			isa = XCBuildConfiguration;
			baseConfigurationReference = 121E1A96A513A335CB809941 /* Pods-RM Client-RM ClientUITests.debug.xcconfig */;
			buildSettings = {
				ALWAYS_EMBED_SWIFT_STANDARD_LIBRARIES = YES;
				CODE_SIGN_STYLE = Automatic;
				CURRENT_PROJECT_VERSION = 1;
				DEVELOPMENT_TEAM = U579RMQ3VY;
				GENERATE_INFOPLIST_FILE = YES;
				MARKETING_VERSION = 1.0;
				PRODUCT_BUNDLE_IDENTIFIER = "com.yazantarifi.RM-ClientUITests";
				PRODUCT_NAME = "$(TARGET_NAME)";
				SWIFT_EMIT_LOC_STRINGS = NO;
				SWIFT_VERSION = 5.0;
				TARGETED_DEVICE_FAMILY = "1,2";
				TEST_TARGET_NAME = "RM Client";
			};
			name = Debug;
		};
		8A38D6622A9FF873003FB5DA /* Release */ = {
			isa = XCBuildConfiguration;
			baseConfigurationReference = 1258EDD5E45D547C5B22CDD2 /* Pods-RM Client-RM ClientUITests.release.xcconfig */;
			buildSettings = {
				ALWAYS_EMBED_SWIFT_STANDARD_LIBRARIES = YES;
				CODE_SIGN_STYLE = Automatic;
				CURRENT_PROJECT_VERSION = 1;
				DEVELOPMENT_TEAM = U579RMQ3VY;
				GENERATE_INFOPLIST_FILE = YES;
				MARKETING_VERSION = 1.0;
				PRODUCT_BUNDLE_IDENTIFIER = "com.yazantarifi.RM-ClientUITests";
				PRODUCT_NAME = "$(TARGET_NAME)";
				SWIFT_EMIT_LOC_STRINGS = NO;
				SWIFT_VERSION = 5.0;
				TARGETED_DEVICE_FAMILY = "1,2";
				TEST_TARGET_NAME = "RM Client";
			};
			name = Release;
		};
/* End XCBuildConfiguration section */

/* Begin XCConfigurationList section */
		8A38D62B2A9FF870003FB5DA /* Build configuration list for PBXProject "RM Client" */ = {
			isa = XCConfigurationList;
			buildConfigurations = (
				8A38D6582A9FF873003FB5DA /* Debug */,
				8A38D6592A9FF873003FB5DA /* Release */,
			);
			defaultConfigurationIsVisible = 0;
			defaultConfigurationName = Release;
		};
		8A38D65A2A9FF873003FB5DA /* Build configuration list for PBXNativeTarget "RM Client" */ = {
			isa = XCConfigurationList;
			buildConfigurations = (
				8A38D65B2A9FF873003FB5DA /* Debug */,
				8A38D65C2A9FF873003FB5DA /* Release */,
			);
			defaultConfigurationIsVisible = 0;
			defaultConfigurationName = Release;
		};
		8A38D65D2A9FF873003FB5DA /* Build configuration list for PBXNativeTarget "RM ClientTests" */ = {
			isa = XCConfigurationList;
			buildConfigurations = (
				8A38D65E2A9FF873003FB5DA /* Debug */,
				8A38D65F2A9FF873003FB5DA /* Release */,
			);
			defaultConfigurationIsVisible = 0;
			defaultConfigurationName = Release;
		};
		8A38D6602A9FF873003FB5DA /* Build configuration list for PBXNativeTarget "RM ClientUITests" */ = {
			isa = XCConfigurationList;
			buildConfigurations = (
				8A38D6612A9FF873003FB5DA /* Debug */,
				8A38D6622A9FF873003FB5DA /* Release */,
			);
			defaultConfigurationIsVisible = 0;
			defaultConfigurationName = Release;
		};
/* End XCConfigurationList section */
	};
	rootObject = 8A38D6282A9FF870003FB5DA /* Project object */;
}
